// !$*UTF8*$!
{
	archiveVersion = 1;
	classes = {
	};
	objectVersion = 77;
	objects = {

/* Begin PBXBuildFile section */
		04FA7315513EE256CEE790D9 /* ThoughtRecordExtensionTests.swift in Sources */ = {isa = PBXBuildFile; fileRef = 6B3BDF6A638B666F90B59FA8 /* ThoughtRecordExtensionTests.swift */; };
		0597D0C2BD5F3460115A2047 /* EmotionsView.swift in Sources */ = {isa = PBXBuildFile; fileRef = 7D55C61CF6964611F106D910 /* EmotionsView.swift */; };
		088D03DCDFB3178906417BC6 /* MainTabView.swift in Sources */ = {isa = PBXBuildFile; fileRef = 16F447382CD5C051F12DE8E2 /* MainTabView.swift */; };
		09184FC832D5AD5B7B14C6C0 /* AIReframeViewModel.swift in Sources */ = {isa = PBXBuildFile; fileRef = 2C76D5E965E089A9B067432C /* AIReframeViewModel.swift */; };
		0A3037433BA5F96691DE1419 /* AIReframeDepth.swift in Sources */ = {isa = PBXBuildFile; fileRef = 773127E36ABC4313240FB246 /* AIReframeDepth.swift */; };
		0BE5C113B242E7C02660892E /* AdaptivePrompts.swift in Sources */ = {isa = PBXBuildFile; fileRef = 3FF68E4F81363C2FB72B0B64 /* AdaptivePrompts.swift */; };
		0F29BB291FB338B3D689D468 /* AIReframeResultTests.swift in Sources */ = {isa = PBXBuildFile; fileRef = CAFC8F07E4384B4D113A0E32 /* AIReframeResultTests.swift */; };
		0F5006CE258F3E944E348C3B /* ReframeResultView.swift in Sources */ = {isa = PBXBuildFile; fileRef = 875599BD7B821E48DA88F5E5 /* ReframeResultView.swift */; };
		0FF3D738652773EB001C4C1C /* SurfaceStyles.swift in Sources */ = {isa = PBXBuildFile; fileRef = 994D465E2EC7637883EB7B54 /* SurfaceStyles.swift */; };
		11B1011B8A4735D59D5E9A9B /* AIReframeServiceTests.swift in Sources */ = {isa = PBXBuildFile; fileRef = 47BC25714A841D292D6AAB33 /* AIReframeServiceTests.swift */; };
		12274A4E040B47078CCD7560 /* SectionCardView.swift in Sources */ = {isa = PBXBuildFile; fileRef = 546FB4220CEEF24D6A5B1D14 /* SectionCardView.swift */; };
		139F8385DBF4C3C5CAA29DD7 /* HeroIconChevronRight.swift in Sources */ = {isa = PBXBuildFile; fileRef = C76F1F3EEEA2648F3163E3CB /* HeroIconChevronRight.swift */; };
		140FDDA15B859BC92337CD80 /* HeroIconCheck.swift in Sources */ = {isa = PBXBuildFile; fileRef = 0AB6BD50005285F212D29E2F /* HeroIconCheck.swift */; };
		1AE6349FD3B63E465C0DC972 /* HeroIconChevronDown.swift in Sources */ = {isa = PBXBuildFile; fileRef = 9403D868FC083AE1EED61B6C /* HeroIconChevronDown.swift */; };
		1B3C38ADE17A003D2DC3B1B7 /* Thought.swift in Sources */ = {isa = PBXBuildFile; fileRef = 8E3D8A6059E415B9190689C6 /* Thought.swift */; };
		1CED569D3754E87C5BC22F49 /* AppIcon.swift in Sources */ = {isa = PBXBuildFile; fileRef = 2C63CFC0FCAB1D295DC38264 /* AppIcon.swift */; };
		1F22027AE1B363F32B117BC6 /* AppDelegate.swift in Sources */ = {isa = PBXBuildFile; fileRef = 13FBE6829E3545E6642E8712 /* AppDelegate.swift */; };
		2062D179A9AC1D2118FA4170 /* AppRouterTests.swift in Sources */ = {isa = PBXBuildFile; fileRef = BCC868C6DE4ACBB30872EEE5 /* AppRouterTests.swift */; };
		23C77B30FA367A0F5AECBC53 /* AIReframeViewModelTests.swift in Sources */ = {isa = PBXBuildFile; fileRef = 4D67079BC97FDE080A717562 /* AIReframeViewModelTests.swift */; };
		243ECDEC3EA366FC87AD623C /* AutomaticThoughtsView.swift in Sources */ = {isa = PBXBuildFile; fileRef = C45269AC21C5B5C5A74E81F7 /* AutomaticThoughtsView.swift */; };
		24C71267BA9EFA6BCBB14D1F /* AppState.swift in Sources */ = {isa = PBXBuildFile; fileRef = DB76E48463E6ACFE94D79025 /* AppState.swift */; };
		2762EB4D4615471566C73501 /* ValuesProfileServiceTests.swift in Sources */ = {isa = PBXBuildFile; fileRef = B7DDBDA006E392ED07F4B18C /* ValuesProfileServiceTests.swift */; };
		28C82BF691BE9D076840DD2B /* HeroIconArrowRight.swift in Sources */ = {isa = PBXBuildFile; fileRef = AC11F4CD29650FDE224F2625 /* HeroIconArrowRight.swift */; };
		2C05FFA9B96D63396793B798 /* HeroIconMinus.swift in Sources */ = {isa = PBXBuildFile; fileRef = 167A3EE5F870D95927200796 /* HeroIconMinus.swift */; };
		2E64A50CAA8F23C2B3EA2A11 /* JournalEntry.swift in Sources */ = {isa = PBXBuildFile; fileRef = 3A40CC73AAD25A7BBFBC1530 /* JournalEntry.swift */; };
		2F739D9ACA296BC3BFC3273D /* SituationView.swift in Sources */ = {isa = PBXBuildFile; fileRef = 9F1DFD7F7F52522DE5279C2B /* SituationView.swift */; };
		33ED2DFB92483C64A6F59A09 /* ThoughtModelTests.swift in Sources */ = {isa = PBXBuildFile; fileRef = CBE1824F9DC0A21BF3FF6807 /* ThoughtModelTests.swift */; };
		34BF0A9EA155B2EE75F0EF14 /* PaywallView.swift in Sources */ = {isa = PBXBuildFile; fileRef = 6018F01F148E07963F5071BD /* PaywallView.swift */; };
		352BFC1D5B5322676727EA6B /* CalendarStripView.swift in Sources */ = {isa = PBXBuildFile; fileRef = 95559D82670F4957A468A1D5 /* CalendarStripView.swift */; };
		364A24C456A99B90FE683F76 /* AIReframeDepthTests.swift in Sources */ = {isa = PBXBuildFile; fileRef = 5491653738C82D7B3A2C45EC /* AIReframeDepthTests.swift */; };
		3B72BD567E7E94449708051C /* ValuesProfileView.swift in Sources */ = {isa = PBXBuildFile; fileRef = D0F2032BF10E512D6BA1B45C /* ValuesProfileView.swift */; };
		3B79AC2C4B2167530C1E6C6F /* ChangeSummaryCardView.swift in Sources */ = {isa = PBXBuildFile; fileRef = 31C1A2C353758ADB30EE5218 /* ChangeSummaryCardView.swift */; };
		3E000EC04CE33CE675529303 /* ThoughtEntryViewModel.swift in Sources */ = {isa = PBXBuildFile; fileRef = DB2FD14C3B6DEF43D68D71DC /* ThoughtEntryViewModel.swift */; };
		3E60EC3190B8F57796DFB646 /* DateUtilsTests.swift in Sources */ = {isa = PBXBuildFile; fileRef = 9125E47C627536B87332F914 /* DateUtilsTests.swift */; };
		3F0788150F2C442B8A7E8933 /* EntryListItemView.swift in Sources */ = {isa = PBXBuildFile; fileRef = CCF9D27FA3CF9C0938F10E96 /* EntryListItemView.swift */; };
		4065A8DF8B9168ADD7AEA2ED /* ValuesProfileService.swift in Sources */ = {isa = PBXBuildFile; fileRef = 473F6A19F46F049EB590C87F /* ValuesProfileService.swift */; };
		441C21D85F3101AB6E99959D /* ColorHexTests.swift in Sources */ = {isa = PBXBuildFile; fileRef = 16702761997A629DFF100F85 /* ColorHexTests.swift */; };
		45635FEC9D2B358545A126DF /* SuggestionEngineTests.swift in Sources */ = {isa = PBXBuildFile; fileRef = 31446CFB34555B13AB004824 /* SuggestionEngineTests.swift */; };
		482F3030595478F805992D71 /* AppIconView.swift in Sources */ = {isa = PBXBuildFile; fileRef = 6336428FEC666406A5267E2A /* AppIconView.swift */; };
		4D508D4DE9AAB7331F5E91F5 /* EmotionItem.swift in Sources */ = {isa = PBXBuildFile; fileRef = E72EEAB94EDDA45026AF55F2 /* EmotionItem.swift */; };
		4E025C008F95000CC39428E7 /* ThoughtRecordTests.swift in Sources */ = {isa = PBXBuildFile; fileRef = 7CBBAF3FFE33047CA5DEA1DF /* ThoughtRecordTests.swift */; };
		510D8D7CC3B582128B31BEDE /* ExpandableTextView.swift in Sources */ = {isa = PBXBuildFile; fileRef = 568C492A6F061A5081934CF2 /* ExpandableTextView.swift */; };
		51483101DE2C9206703DBFF0 /* RewardedAdManager.swift in Sources */ = {isa = PBXBuildFile; fileRef = 25AAAC8BF94E2D2597E3D427 /* RewardedAdManager.swift */; };
		51DD3E0559533372EA2AC62D /* AdaptiveResponseView.swift in Sources */ = {isa = PBXBuildFile; fileRef = D44EEF31DBEB81E519A8571E /* AdaptiveResponseView.swift */; };
		550C6843A67EA5455F47F826 /* SensationPickerSheetView.swift in Sources */ = {isa = PBXBuildFile; fileRef = 86160A8B5D0EE7F259D68EC8 /* SensationPickerSheetView.swift */; };
		55BEDF1A7DF2A96DCC816F26 /* HeroIconEllipsis.swift in Sources */ = {isa = PBXBuildFile; fileRef = E087909110F5C3F0080509F7 /* HeroIconEllipsis.swift */; };
		5BDBB32002A3D826F8D30994 /* PrimaryButton.swift in Sources */ = {isa = PBXBuildFile; fileRef = 425AF360D9A05BA0D2EC6FB7 /* PrimaryButton.swift */; };
		5E2E5DF1AAB3DF819A9863B3 /* SettingsView.swift in Sources */ = {isa = PBXBuildFile; fileRef = 46308216C66CE393053779B5 /* SettingsView.swift */; };
		5EB31B8FF92C6DAC27080EBB /* TermsPrivacyView.swift in Sources */ = {isa = PBXBuildFile; fileRef = 4194EA4D143095F4241DBC13 /* TermsPrivacyView.swift */; };
		60DADC936ABD5241717A0DF9 /* RootView.swift in Sources */ = {isa = PBXBuildFile; fileRef = ED787A3A0146DF8813BE657E /* RootView.swift */; };
		66A47604C82D0BA61A9ACDDB /* ThoughtTests.swift in Sources */ = {isa = PBXBuildFile; fileRef = 8F5A92E45DF69DBA7D5B6F5B /* ThoughtTests.swift */; };
		671B038C45A51530D33714B7 /* Color+Hex.swift in Sources */ = {isa = PBXBuildFile; fileRef = 8F60033E301CE97D6A6B26C9 /* Color+Hex.swift */; };
		6A37E67FDC63F9ACAE092081 /* EntitlementsManagerTests.swift in Sources */ = {isa = PBXBuildFile; fileRef = EA265A626714795E7984B79E /* EntitlementsManagerTests.swift */; };
		6BA3D18CAF5A52BBABA9F5D4 /* ValuesCategoryDetailView.swift in Sources */ = {isa = PBXBuildFile; fileRef = 0EB5F22D3C642BF612028859 /* ValuesCategoryDetailView.swift */; };
		6BCB5FC2BCEA7CD395992E0E /* EntitlementsManager.swift in Sources */ = {isa = PBXBuildFile; fileRef = 8AFA5B4C6A951A5669028051 /* EntitlementsManager.swift */; };
		6C34856248461A24545DC56F /* AppTheme.swift in Sources */ = {isa = PBXBuildFile; fileRef = 125CFB98D8A4978BA5484070 /* AppTheme.swift */; };
		6D35F048803AE455A546A3D4 /* AIReframeResultView.swift in Sources */ = {isa = PBXBuildFile; fileRef = C689DB0C7133578A1F7A27F1 /* AIReframeResultView.swift */; };
		6D6E87EC4E623DB62CA4FAC6 /* AIReframeResult.swift in Sources */ = {isa = PBXBuildFile; fileRef = E6EB392159A951E047259784 /* AIReframeResult.swift */; };
		6D7FF0544F37811F03C58FEA /* Identifiers.swift in Sources */ = {isa = PBXBuildFile; fileRef = B7B81E049560BD2F69940170 /* Identifiers.swift */; };
		6EDB00E0B89BF6536EE3AA43 /* ThemeManager.swift in Sources */ = {isa = PBXBuildFile; fileRef = 9F8017F762C89F4D0CF0CB64 /* ThemeManager.swift */; };
		6FFB15E22C2CEC0BC540A95D /* AccordionView.swift in Sources */ = {isa = PBXBuildFile; fileRef = CFF93899497F29B20C03F371 /* AccordionView.swift */; };
		71C0F338ECA432F00683C95D /* ModelContainerConfig.swift in Sources */ = {isa = PBXBuildFile; fileRef = 702493F941F8C5843E4C5290 /* ModelContainerConfig.swift */; };
		73FDB8B9EA5037DFE8C69B30 /* ReframeJournalApp.swift in Sources */ = {isa = PBXBuildFile; fileRef = E46312FE3978E03DDBCCC38F /* ReframeJournalApp.swift */; };
		7531EA5222A2C5C875E35207 /* Assets.xcassets in Resources */ = {isa = PBXBuildFile; fileRef = BD2FB8F105547060260F5131 /* Assets.xcassets */; };
		773AA7F64660375B01D22426 /* EntryDetailView.swift in Sources */ = {isa = PBXBuildFile; fileRef = 18E52E5CE02DB158DCFF76DE /* EntryDetailView.swift */; };
		79423BD80616D887DD0425E7 /* ThoughtDetailsView.swift in Sources */ = {isa = PBXBuildFile; fileRef = 18F0ECA1F6770FC6E3444574 /* ThoughtDetailsView.swift */; };
		79EDDC9E84BA0EA78A3176D8 /* ThoughtEntryTests.swift in Sources */ = {isa = PBXBuildFile; fileRef = 411091766B9C35C913A26825 /* ThoughtEntryTests.swift */; };
		7AF03F9BCD7E440DA0A8FA9D /* NotesPalettePreview.swift in Sources */ = {isa = PBXBuildFile; fileRef = E2125FE59D3067E78DEEB7D6 /* NotesPalettePreview.swift */; };
		7D27181DC4115CA7CAC8C1F7 /* DateTimeView.swift in Sources */ = {isa = PBXBuildFile; fileRef = 401D9356FD1A40FB06F9E405 /* DateTimeView.swift */; };
		7DDC27640440105B4D8CCC7B /* StepContentContainer.swift in Sources */ = {isa = PBXBuildFile; fileRef = E9A5BFBBD6E6E6755AFFB1A3 /* StepContentContainer.swift */; };
		7DF19AD8422234D4D0B3CF65 /* ValuesProfileTests.swift in Sources */ = {isa = PBXBuildFile; fileRef = D92A90D2D1D5ADA28E563583 /* ValuesProfileTests.swift */; };
		80C3B5F1BAE1B0F71ED2DC96 /* ThoughtEntryNotesView.swift in Sources */ = {isa = PBXBuildFile; fileRef = 0576C46B8E70F76A0EE73B7E /* ThoughtEntryNotesView.swift */; };
		83036AF2A0891CBE4FC4536B /* JournalEntryStoreTests.swift in Sources */ = {isa = PBXBuildFile; fileRef = 16002C2618A5092DF9ABA346 /* JournalEntryStoreTests.swift */; };
		84DC23DED63A6F719B6B9ACE /* ValuesCategoryTests.swift in Sources */ = {isa = PBXBuildFile; fileRef = 3023FCFA09B5FA040CBC644A /* ValuesCategoryTests.swift */; };
		862BAAA2244902C29A28F9E9 /* OutcomeView.swift in Sources */ = {isa = PBXBuildFile; fileRef = 1D5D5102BC1CBB4188BD250A /* OutcomeView.swift */; };
		884981884972B5BCA624FBDB /* ThoughtRecordRepositoryTests.swift in Sources */ = {isa = PBXBuildFile; fileRef = 91DA558F8B772805637B27BF /* ThoughtRecordRepositoryTests.swift */; };
		8938AA52233A98EED75E6EB8 /* SuggestionEngine.swift in Sources */ = {isa = PBXBuildFile; fileRef = 1E5184FD7B628AA059B42972 /* SuggestionEngine.swift */; };
		899DC5722809FB0C0D256089 /* EntryDetailViewModel.swift in Sources */ = {isa = PBXBuildFile; fileRef = D537A34287202955112F8BAB /* EntryDetailViewModel.swift */; };
		8A67B1B3E12AFAE0D6C697A0 /* KeyboardDismiss.swift in Sources */ = {isa = PBXBuildFile; fileRef = 9DE6C0FC9F38A2DA069E2665 /* KeyboardDismiss.swift */; };
		8A854EF56448AE88DD53874E /* JournalEntryStore.swift in Sources */ = {isa = PBXBuildFile; fileRef = 362FF661EF8C7ECA9B442BF4 /* JournalEntryStore.swift */; };
		8B670598949AF2ED7603E24A /* GlassBackground.swift in Sources */ = {isa = PBXBuildFile; fileRef = 10759C27037D430BE1C1884C /* GlassBackground.swift */; };
		8C81EB8E8A646ACABA18A15A /* AIReframeNotesView.swift in Sources */ = {isa = PBXBuildFile; fileRef = 86E7EE2D4F70C3460FD8F7B4 /* AIReframeNotesView.swift */; };
		8CCDC002415314DDF3F46E87 /* HeroIconChevronLeft.swift in Sources */ = {isa = PBXBuildFile; fileRef = 9101BE5A4A7BFEC11019DC7E /* HeroIconChevronLeft.swift */; };
		906C4BF01B8A08DE8EC9DE74 /* NotesTextEditor.swift in Sources */ = {isa = PBXBuildFile; fileRef = DC13EF08DFA002D9FB3939BA /* NotesTextEditor.swift */; };
		918C76AE05A2FC3591B2C198 /* HeroIconSparkles.swift in Sources */ = {isa = PBXBuildFile; fileRef = AF4ADE63B058E7F3481E512A /* HeroIconSparkles.swift */; };
		97366111857C0FBA4E911B26 /* Metrics.swift in Sources */ = {isa = PBXBuildFile; fileRef = 087306FB4D31EF378A1C1F1A /* Metrics.swift */; };
		98EDEE0A142F464A1E6156BA /* OpenAIClient.swift in Sources */ = {isa = PBXBuildFile; fileRef = 1449AD75732D11D8D5812C1B /* OpenAIClient.swift */; };
		99837B4C586E6DC16A731046 /* ValuesChecklistTests.swift in Sources */ = {isa = PBXBuildFile; fileRef = 6D04694E8803ADCAF782A572 /* ValuesChecklistTests.swift */; };
		9CA0327104A0DF6A81FC02C7 /* ThoughtResponseDetailView.swift in Sources */ = {isa = PBXBuildFile; fileRef = 628440F7D93AA4374667AC4F /* ThoughtResponseDetailView.swift */; };
		9DF508FA3E3D4F90A0816AF4 /* StepBottomNavBar.swift in Sources */ = {isa = PBXBuildFile; fileRef = 81061E32DA22A0D8F36B4B84 /* StepBottomNavBar.swift */; };
		9FE147888E0BDE3CB08F3EEE /* NotesStyleEntryView.swift in Sources */ = {isa = PBXBuildFile; fileRef = 421685199DA060D4C976C3B9 /* NotesStyleEntryView.swift */; };
		A21041DDDA7CAE2A0BB9A622 /* ValuesCategory.swift in Sources */ = {isa = PBXBuildFile; fileRef = 337B52BEB6D385F1B602699F /* ValuesCategory.swift */; };
		A30A3B8E5D1AE48BAD892BEA /* HeroIconShare.swift in Sources */ = {isa = PBXBuildFile; fileRef = CF9906EA878307A5C77E219F /* HeroIconShare.swift */; };
		A5A3C49473A71D3973E9D143 /* ReframeLoadingView.swift in Sources */ = {isa = PBXBuildFile; fileRef = 9B07FCE86ABECE4CC75F4E8A /* ReframeLoadingView.swift */; };
		A756D56B9A99381CE84476C5 /* GlassCard.swift in Sources */ = {isa = PBXBuildFile; fileRef = 40401F90EBCB50FB490EB60A /* GlassCard.swift */; };
		A85E0FC1B33DB7B614615316 /* AppRouter.swift in Sources */ = {isa = PBXBuildFile; fileRef = 8BA6D8D4085F2AEE3AA99A0B /* AppRouter.swift */; };
		AB8C6515A3BAF5CEA334FFB2 /* ThoughtUsageServiceTests.swift in Sources */ = {isa = PBXBuildFile; fileRef = BFF6C1D7BE1675879EFA7C32 /* ThoughtUsageServiceTests.swift */; };
		ACAEF1A8C7DA0A3E96B47EBA /* GlassIconButton.swift in Sources */ = {isa = PBXBuildFile; fileRef = 1EE3F5241CBB8FAD500CEB95 /* GlassIconButton.swift */; };
		AD722187044A1B01857D3DBC /* EntryDetailViewModelTests.swift in Sources */ = {isa = PBXBuildFile; fileRef = 3794387348B74BF21FD7B330 /* EntryDetailViewModelTests.swift */; };
		AD80FD6AA38E5A0AC5F138B2 /* ValuesProfileDataTests.swift in Sources */ = {isa = PBXBuildFile; fileRef = 522E10E7A3AE844BA282588A /* ValuesProfileDataTests.swift */; };
		AE92F001866C65A4193D5777 /* ValuesProfile.swift in Sources */ = {isa = PBXBuildFile; fileRef = 041FEF02DEF678FFD539CB8A /* ValuesProfile.swift */; };
		AF458B015E0FA69215EDC9EA /* SelectedChipView.swift in Sources */ = {isa = PBXBuildFile; fileRef = B423236B35FFF31854A9B216 /* SelectedChipView.swift */; };
		AF8538F8AD4BE3A44AE431A5 /* SlimMeterRowView.swift in Sources */ = {isa = PBXBuildFile; fileRef = 6A29FDF5CD76A8F7218286ED /* SlimMeterRowView.swift */; };
		B0A6292286FB936716E7C2C6 /* WizardViewModelTests.swift in Sources */ = {isa = PBXBuildFile; fileRef = 92008EAA58085F464D595D3C /* WizardViewModelTests.swift */; };
		B1A278BD93BBB3C399455A5A /* HomeViewModel.swift in Sources */ = {isa = PBXBuildFile; fileRef = E52D7165210280A0F072C95E /* HomeViewModel.swift */; };
		B2E1196C821235FFC2297082 /* ThoughtCardView.swift in Sources */ = {isa = PBXBuildFile; fileRef = 7593019C057F861DCFFECBA6 /* ThoughtCardView.swift */; };
		BA140D589F48239A7AB796DA /* HomeView.swift in Sources */ = {isa = PBXBuildFile; fileRef = 372EFE6D8AD2C60DA0079CEC /* HomeView.swift */; };
		BC925948709E72490FFCB314 /* ThoughtEntry.swift in Sources */ = {isa = PBXBuildFile; fileRef = 90D6E8361F527A3CB178A86A /* ThoughtEntry.swift */; };
		BDE54114E67D368545E1B1C1 /* ValuesProfileData.swift in Sources */ = {isa = PBXBuildFile; fileRef = B95DD201A180DDA42BD229C7 /* ValuesProfileData.swift */; };
		BE34D2DCB3A3DF6C1F0E6C19 /* HomeViewModelTests.swift in Sources */ = {isa = PBXBuildFile; fileRef = D3800C3E5E221ECA92944B0A /* HomeViewModelTests.swift */; };
		C075040AD71C049B63DD76BC /* MainTabBar.swift in Sources */ = {isa = PBXBuildFile; fileRef = 2E80ADB7E2699072C88EA008 /* MainTabBar.swift */; };
		C0F2F632EEB71D7DD42EA1AB /* AppStateTests.swift in Sources */ = {isa = PBXBuildFile; fileRef = A2F0400E46EBC736273B7725 /* AppStateTests.swift */; };
		C54CA0F4A74BE76057EBACB1 /* GlassPill.swift in Sources */ = {isa = PBXBuildFile; fileRef = 662BD8171BAAA6113123ABAF /* GlassPill.swift */; };
		C5626E02FAD4939FA7F9E405 /* ValuesSelectionSection.swift in Sources */ = {isa = PBXBuildFile; fileRef = 4168F7F5D125E8285F0FA8E5 /* ValuesSelectionSection.swift */; };
		CBDCB538647242A62761632B /* AllEntriesView.swift in Sources */ = {isa = PBXBuildFile; fileRef = 661A270E0AB73EFA2FE2EB80 /* AllEntriesView.swift */; };
		CD3B114E6EBF896934475D33 /* HeroIconPlus.swift in Sources */ = {isa = PBXBuildFile; fileRef = 64F0197A2EAC9A0D1EFBFAEC /* HeroIconPlus.swift */; };
		CE453EF84875651311F1EBB4 /* LimitsManager.swift in Sources */ = {isa = PBXBuildFile; fileRef = 94F2BF34FB8B0D6166FF0491 /* LimitsManager.swift */; };
		CEB7D2D7C92A5EFC36A8C1AE /* ValuesChecklist.swift in Sources */ = {isa = PBXBuildFile; fileRef = 690B500CCC0A9839CCE2238A /* ValuesChecklist.swift */; };
		CF9B6F47EE9289FFA983F8E6 /* LimitsManagerTests.swift in Sources */ = {isa = PBXBuildFile; fileRef = D05AB4EFD84ACF7233944CD8 /* LimitsManagerTests.swift */; };
		D19A160F676C45F32A76799D /* ProgressPillView.swift in Sources */ = {isa = PBXBuildFile; fileRef = B241175175575E18450819BB /* ProgressPillView.swift */; };
		D1B7AF8A3160F62E869DF9A8 /* WizardViewModel.swift in Sources */ = {isa = PBXBuildFile; fileRef = 7685FB9A44932CF9C0F3349F /* WizardViewModel.swift */; };
		D3C6C4A98614E4C15AB54031 /* ThoughtRecordRepository.swift in Sources */ = {isa = PBXBuildFile; fileRef = 7E30587AECC6EFE96513A19B /* ThoughtRecordRepository.swift */; };
		D41884E428491F7F0A45DCFC /* ReframeJournal.storekit in Resources */ = {isa = PBXBuildFile; fileRef = 9177F2D92AD6872042B426E9 /* ReframeJournal.storekit */; };
		DB34B48205979F0696F7238F /* GlassDivider.swift in Sources */ = {isa = PBXBuildFile; fileRef = 4FB09B9028E4BC3E4F3D526A /* GlassDivider.swift */; };
		DC4195C537BBFECE17CA974E /* JournalEntryTests.swift in Sources */ = {isa = PBXBuildFile; fileRef = 3AAD9801D79B764C4DFCE31A /* JournalEntryTests.swift */; };
		DE3F2A4CAC380C0031920FAE /* AdaptivePromptsTests.swift in Sources */ = {isa = PBXBuildFile; fileRef = 72F8753F0C2BAB5284805DE4 /* AdaptivePromptsTests.swift */; };
		DE46E1775070F5C505E39797 /* StepHeaderView.swift in Sources */ = {isa = PBXBuildFile; fileRef = 8F748E0F23CB7AED486492E5 /* StepHeaderView.swift */; };
		DEA66AB7A53DA71EBC37C7B2 /* ReframeResponseTests.swift in Sources */ = {isa = PBXBuildFile; fileRef = E49CE456130512FD69E7A547 /* ReframeResponseTests.swift */; };
		DEB0AF120B68CFB7EAA0956C /* ThoughtResponseDetailViewModel.swift in Sources */ = {isa = PBXBuildFile; fileRef = 1EBFBB6C8833ECA386CC7AFB /* ThoughtResponseDetailViewModel.swift */; };
		DF7C1641AF9D98CB84BD6984 /* ReframeResponse.swift in Sources */ = {isa = PBXBuildFile; fileRef = EECD5845C5E0D4E109B6222E /* ReframeResponse.swift */; };
		E2FEE415C8FE9B5A9D53EB93 /* DateUtils.swift in Sources */ = {isa = PBXBuildFile; fileRef = D86034906292E617EB5824D0 /* DateUtils.swift */; };
		E31A310E02A14A9DFD9A3808 /* AppAppearance.swift in Sources */ = {isa = PBXBuildFile; fileRef = 0BC81A37006DDD94294B3875 /* AppAppearance.swift */; };
		E3A1C31C54E4F3315848A261 /* ThoughtRecord.swift in Sources */ = {isa = PBXBuildFile; fileRef = 0DA5A6B08FABCE630CF8B371 /* ThoughtRecord.swift */; };
		E4357DF6745557ACB508077C /* GlassSectionHeader.swift in Sources */ = {isa = PBXBuildFile; fileRef = FE6DDB5CD0FF1C26A169C822 /* GlassSectionHeader.swift */; };
		E4C2919BB06C8621F40076CB /* ModelContainerConfigTests.swift in Sources */ = {isa = PBXBuildFile; fileRef = E01BC077315403DCB4FD9555 /* ModelContainerConfigTests.swift */; };
		E58196F0A6A5F0C65146805C /* MetricsTests.swift in Sources */ = {isa = PBXBuildFile; fileRef = EF648E6F992C11CE9EEF68D8 /* MetricsTests.swift */; };
		E61B11DF36D31B3ED9316798 /* Launch Screen.storyboard in Resources */ = {isa = PBXBuildFile; fileRef = 082A0A7C10E54A7FE76D86D9 /* Launch Screen.storyboard */; };
		ECD0981DD267DAD6D6D7EEB9 /* HeroIconCog6Tooth.swift in Sources */ = {isa = PBXBuildFile; fileRef = FEEE6CC262AB1A39AE803103 /* HeroIconCog6Tooth.swift */; };
		EE92CF9E546F5263B7FA0BFB /* StreakCalculatorTests.swift in Sources */ = {isa = PBXBuildFile; fileRef = 141C824C981900102F34A3D4 /* StreakCalculatorTests.swift */; };
		F0877667485E130B05C8AE53 /* ThoughtUsageService.swift in Sources */ = {isa = PBXBuildFile; fileRef = 97BDB0D4A5A2D5AC0DB62C62 /* ThoughtUsageService.swift */; };
		F1C06BEEC117ED80E2BBD816 /* AIReframeService.swift in Sources */ = {isa = PBXBuildFile; fileRef = 22C93B4E2C3559CAA67626F0 /* AIReframeService.swift */; };
		F25C2FC96577D8A23C319FB5 /* EmotionItemTests.swift in Sources */ = {isa = PBXBuildFile; fileRef = B596A52231810CABF3E8F92E /* EmotionItemTests.swift */; };
		F4385CB82BEF4417830A4B09 /* WizardProgressView.swift in Sources */ = {isa = PBXBuildFile; fileRef = 10AFCB6B783A2B675B407889 /* WizardProgressView.swift */; };
		F7EA404D3BE6FB06A9B7C490 /* IdentifiersTests.swift in Sources */ = {isa = PBXBuildFile; fileRef = D3943625E2E92720D6759170 /* IdentifiersTests.swift */; };
		FEF20C27AE1A5A0CE8AFE380 /* LabeledInput.swift in Sources */ = {isa = PBXBuildFile; fileRef = C776E243CD9B32161BB92B86 /* LabeledInput.swift */; };
/* End PBXBuildFile section */

/* Begin PBXContainerItemProxy section */
		2C8CDE514C9BCDFCC2AB9810 /* PBXContainerItemProxy */ = {
			isa = PBXContainerItemProxy;
			containerPortal = A71D48D9BF0B3E97F0AF17D5 /* Project object */;
			proxyType = 1;
			remoteGlobalIDString = B4A15E0B20662941E951641E;
			remoteInfo = ReframeJournal;
		};
/* End PBXContainerItemProxy section */

/* Begin PBXFileReference section */
		041FEF02DEF678FFD539CB8A /* ValuesProfile.swift */ = {isa = PBXFileReference; lastKnownFileType = sourcecode.swift; path = ValuesProfile.swift; sourceTree = "<group>"; };
		0576C46B8E70F76A0EE73B7E /* ThoughtEntryNotesView.swift */ = {isa = PBXFileReference; lastKnownFileType = sourcecode.swift; path = ThoughtEntryNotesView.swift; sourceTree = "<group>"; };
		082A0A7C10E54A7FE76D86D9 /* Launch Screen.storyboard */ = {isa = PBXFileReference; lastKnownFileType = file.storyboard; path = "Launch Screen.storyboard"; sourceTree = "<group>"; };
		087306FB4D31EF378A1C1F1A /* Metrics.swift */ = {isa = PBXFileReference; lastKnownFileType = sourcecode.swift; path = Metrics.swift; sourceTree = "<group>"; };
		0AB6BD50005285F212D29E2F /* HeroIconCheck.swift */ = {isa = PBXFileReference; lastKnownFileType = sourcecode.swift; path = HeroIconCheck.swift; sourceTree = "<group>"; };
		0BC81A37006DDD94294B3875 /* AppAppearance.swift */ = {isa = PBXFileReference; lastKnownFileType = sourcecode.swift; path = AppAppearance.swift; sourceTree = "<group>"; };
		0DA5A6B08FABCE630CF8B371 /* ThoughtRecord.swift */ = {isa = PBXFileReference; lastKnownFileType = sourcecode.swift; path = ThoughtRecord.swift; sourceTree = "<group>"; };
		0EB5F22D3C642BF612028859 /* ValuesCategoryDetailView.swift */ = {isa = PBXFileReference; lastKnownFileType = sourcecode.swift; path = ValuesCategoryDetailView.swift; sourceTree = "<group>"; };
		10759C27037D430BE1C1884C /* GlassBackground.swift */ = {isa = PBXFileReference; lastKnownFileType = sourcecode.swift; path = GlassBackground.swift; sourceTree = "<group>"; };
		10AFCB6B783A2B675B407889 /* WizardProgressView.swift */ = {isa = PBXFileReference; lastKnownFileType = sourcecode.swift; path = WizardProgressView.swift; sourceTree = "<group>"; };
		125CFB98D8A4978BA5484070 /* AppTheme.swift */ = {isa = PBXFileReference; lastKnownFileType = sourcecode.swift; path = AppTheme.swift; sourceTree = "<group>"; };
		13FBE6829E3545E6642E8712 /* AppDelegate.swift */ = {isa = PBXFileReference; lastKnownFileType = sourcecode.swift; path = AppDelegate.swift; sourceTree = "<group>"; };
		141C824C981900102F34A3D4 /* StreakCalculatorTests.swift */ = {isa = PBXFileReference; lastKnownFileType = sourcecode.swift; path = StreakCalculatorTests.swift; sourceTree = "<group>"; };
		1449AD75732D11D8D5812C1B /* OpenAIClient.swift */ = {isa = PBXFileReference; lastKnownFileType = sourcecode.swift; path = OpenAIClient.swift; sourceTree = "<group>"; };
		16002C2618A5092DF9ABA346 /* JournalEntryStoreTests.swift */ = {isa = PBXFileReference; lastKnownFileType = sourcecode.swift; path = JournalEntryStoreTests.swift; sourceTree = "<group>"; };
		16702761997A629DFF100F85 /* ColorHexTests.swift */ = {isa = PBXFileReference; lastKnownFileType = sourcecode.swift; path = ColorHexTests.swift; sourceTree = "<group>"; };
		167A3EE5F870D95927200796 /* HeroIconMinus.swift */ = {isa = PBXFileReference; lastKnownFileType = sourcecode.swift; path = HeroIconMinus.swift; sourceTree = "<group>"; };
		16F447382CD5C051F12DE8E2 /* MainTabView.swift */ = {isa = PBXFileReference; lastKnownFileType = sourcecode.swift; path = MainTabView.swift; sourceTree = "<group>"; };
		18E52E5CE02DB158DCFF76DE /* EntryDetailView.swift */ = {isa = PBXFileReference; lastKnownFileType = sourcecode.swift; path = EntryDetailView.swift; sourceTree = "<group>"; };
		18F0ECA1F6770FC6E3444574 /* ThoughtDetailsView.swift */ = {isa = PBXFileReference; lastKnownFileType = sourcecode.swift; path = ThoughtDetailsView.swift; sourceTree = "<group>"; };
		1D5D5102BC1CBB4188BD250A /* OutcomeView.swift */ = {isa = PBXFileReference; lastKnownFileType = sourcecode.swift; path = OutcomeView.swift; sourceTree = "<group>"; };
		1E5184FD7B628AA059B42972 /* SuggestionEngine.swift */ = {isa = PBXFileReference; lastKnownFileType = sourcecode.swift; path = SuggestionEngine.swift; sourceTree = "<group>"; };
		1EBFBB6C8833ECA386CC7AFB /* ThoughtResponseDetailViewModel.swift */ = {isa = PBXFileReference; lastKnownFileType = sourcecode.swift; path = ThoughtResponseDetailViewModel.swift; sourceTree = "<group>"; };
		1EE3F5241CBB8FAD500CEB95 /* GlassIconButton.swift */ = {isa = PBXFileReference; lastKnownFileType = sourcecode.swift; path = GlassIconButton.swift; sourceTree = "<group>"; };
		20411D8B8D118DB1EA12CD33 /* ReframeJournal.entitlements */ = {isa = PBXFileReference; lastKnownFileType = text.plist.entitlements; path = ReframeJournal.entitlements; sourceTree = "<group>"; };
		22C93B4E2C3559CAA67626F0 /* AIReframeService.swift */ = {isa = PBXFileReference; lastKnownFileType = sourcecode.swift; path = AIReframeService.swift; sourceTree = "<group>"; };
		25AAAC8BF94E2D2597E3D427 /* RewardedAdManager.swift */ = {isa = PBXFileReference; lastKnownFileType = sourcecode.swift; path = RewardedAdManager.swift; sourceTree = "<group>"; };
		2C63CFC0FCAB1D295DC38264 /* AppIcon.swift */ = {isa = PBXFileReference; lastKnownFileType = sourcecode.swift; path = AppIcon.swift; sourceTree = "<group>"; };
		2C76D5E965E089A9B067432C /* AIReframeViewModel.swift */ = {isa = PBXFileReference; lastKnownFileType = sourcecode.swift; path = AIReframeViewModel.swift; sourceTree = "<group>"; };
		2E80ADB7E2699072C88EA008 /* MainTabBar.swift */ = {isa = PBXFileReference; lastKnownFileType = sourcecode.swift; path = MainTabBar.swift; sourceTree = "<group>"; };
		3023FCFA09B5FA040CBC644A /* ValuesCategoryTests.swift */ = {isa = PBXFileReference; lastKnownFileType = sourcecode.swift; path = ValuesCategoryTests.swift; sourceTree = "<group>"; };
		31446CFB34555B13AB004824 /* SuggestionEngineTests.swift */ = {isa = PBXFileReference; lastKnownFileType = sourcecode.swift; path = SuggestionEngineTests.swift; sourceTree = "<group>"; };
		31C1A2C353758ADB30EE5218 /* ChangeSummaryCardView.swift */ = {isa = PBXFileReference; lastKnownFileType = sourcecode.swift; path = ChangeSummaryCardView.swift; sourceTree = "<group>"; };
		337B52BEB6D385F1B602699F /* ValuesCategory.swift */ = {isa = PBXFileReference; lastKnownFileType = sourcecode.swift; path = ValuesCategory.swift; sourceTree = "<group>"; };
		362FF661EF8C7ECA9B442BF4 /* JournalEntryStore.swift */ = {isa = PBXFileReference; lastKnownFileType = sourcecode.swift; path = JournalEntryStore.swift; sourceTree = "<group>"; };
		372EFE6D8AD2C60DA0079CEC /* HomeView.swift */ = {isa = PBXFileReference; lastKnownFileType = sourcecode.swift; path = HomeView.swift; sourceTree = "<group>"; };
		3794387348B74BF21FD7B330 /* EntryDetailViewModelTests.swift */ = {isa = PBXFileReference; lastKnownFileType = sourcecode.swift; path = EntryDetailViewModelTests.swift; sourceTree = "<group>"; };
		38F868DC42216E26C93F2EA3 /* Info.plist */ = {isa = PBXFileReference; lastKnownFileType = text.plist; path = Info.plist; sourceTree = "<group>"; };
		3A40CC73AAD25A7BBFBC1530 /* JournalEntry.swift */ = {isa = PBXFileReference; lastKnownFileType = sourcecode.swift; path = JournalEntry.swift; sourceTree = "<group>"; };
		3AAD9801D79B764C4DFCE31A /* JournalEntryTests.swift */ = {isa = PBXFileReference; lastKnownFileType = sourcecode.swift; path = JournalEntryTests.swift; sourceTree = "<group>"; };
		3FF68E4F81363C2FB72B0B64 /* AdaptivePrompts.swift */ = {isa = PBXFileReference; lastKnownFileType = sourcecode.swift; path = AdaptivePrompts.swift; sourceTree = "<group>"; };
		401D9356FD1A40FB06F9E405 /* DateTimeView.swift */ = {isa = PBXFileReference; lastKnownFileType = sourcecode.swift; path = DateTimeView.swift; sourceTree = "<group>"; };
		40401F90EBCB50FB490EB60A /* GlassCard.swift */ = {isa = PBXFileReference; lastKnownFileType = sourcecode.swift; path = GlassCard.swift; sourceTree = "<group>"; };
		411091766B9C35C913A26825 /* ThoughtEntryTests.swift */ = {isa = PBXFileReference; lastKnownFileType = sourcecode.swift; path = ThoughtEntryTests.swift; sourceTree = "<group>"; };
		4168F7F5D125E8285F0FA8E5 /* ValuesSelectionSection.swift */ = {isa = PBXFileReference; lastKnownFileType = sourcecode.swift; path = ValuesSelectionSection.swift; sourceTree = "<group>"; };
		4194EA4D143095F4241DBC13 /* TermsPrivacyView.swift */ = {isa = PBXFileReference; lastKnownFileType = sourcecode.swift; path = TermsPrivacyView.swift; sourceTree = "<group>"; };
		421685199DA060D4C976C3B9 /* NotesStyleEntryView.swift */ = {isa = PBXFileReference; lastKnownFileType = sourcecode.swift; path = NotesStyleEntryView.swift; sourceTree = "<group>"; };
		425AF360D9A05BA0D2EC6FB7 /* PrimaryButton.swift */ = {isa = PBXFileReference; lastKnownFileType = sourcecode.swift; path = PrimaryButton.swift; sourceTree = "<group>"; };
		46308216C66CE393053779B5 /* SettingsView.swift */ = {isa = PBXFileReference; lastKnownFileType = sourcecode.swift; path = SettingsView.swift; sourceTree = "<group>"; };
		473F6A19F46F049EB590C87F /* ValuesProfileService.swift */ = {isa = PBXFileReference; lastKnownFileType = sourcecode.swift; path = ValuesProfileService.swift; sourceTree = "<group>"; };
		47BC25714A841D292D6AAB33 /* AIReframeServiceTests.swift */ = {isa = PBXFileReference; lastKnownFileType = sourcecode.swift; path = AIReframeServiceTests.swift; sourceTree = "<group>"; };
		4D67079BC97FDE080A717562 /* AIReframeViewModelTests.swift */ = {isa = PBXFileReference; lastKnownFileType = sourcecode.swift; path = AIReframeViewModelTests.swift; sourceTree = "<group>"; };
		4FB09B9028E4BC3E4F3D526A /* GlassDivider.swift */ = {isa = PBXFileReference; lastKnownFileType = sourcecode.swift; path = GlassDivider.swift; sourceTree = "<group>"; };
		522E10E7A3AE844BA282588A /* ValuesProfileDataTests.swift */ = {isa = PBXFileReference; lastKnownFileType = sourcecode.swift; path = ValuesProfileDataTests.swift; sourceTree = "<group>"; };
		546FB4220CEEF24D6A5B1D14 /* SectionCardView.swift */ = {isa = PBXFileReference; lastKnownFileType = sourcecode.swift; path = SectionCardView.swift; sourceTree = "<group>"; };
		5491653738C82D7B3A2C45EC /* AIReframeDepthTests.swift */ = {isa = PBXFileReference; lastKnownFileType = sourcecode.swift; path = AIReframeDepthTests.swift; sourceTree = "<group>"; };
		568C492A6F061A5081934CF2 /* ExpandableTextView.swift */ = {isa = PBXFileReference; lastKnownFileType = sourcecode.swift; path = ExpandableTextView.swift; sourceTree = "<group>"; };
		6018F01F148E07963F5071BD /* PaywallView.swift */ = {isa = PBXFileReference; lastKnownFileType = sourcecode.swift; path = PaywallView.swift; sourceTree = "<group>"; };
		628440F7D93AA4374667AC4F /* ThoughtResponseDetailView.swift */ = {isa = PBXFileReference; lastKnownFileType = sourcecode.swift; path = ThoughtResponseDetailView.swift; sourceTree = "<group>"; };
		6336428FEC666406A5267E2A /* AppIconView.swift */ = {isa = PBXFileReference; lastKnownFileType = sourcecode.swift; path = AppIconView.swift; sourceTree = "<group>"; };
		64F0197A2EAC9A0D1EFBFAEC /* HeroIconPlus.swift */ = {isa = PBXFileReference; lastKnownFileType = sourcecode.swift; path = HeroIconPlus.swift; sourceTree = "<group>"; };
		661A270E0AB73EFA2FE2EB80 /* AllEntriesView.swift */ = {isa = PBXFileReference; lastKnownFileType = sourcecode.swift; path = AllEntriesView.swift; sourceTree = "<group>"; };
		662BD8171BAAA6113123ABAF /* GlassPill.swift */ = {isa = PBXFileReference; lastKnownFileType = sourcecode.swift; path = GlassPill.swift; sourceTree = "<group>"; };
		690B500CCC0A9839CCE2238A /* ValuesChecklist.swift */ = {isa = PBXFileReference; lastKnownFileType = sourcecode.swift; path = ValuesChecklist.swift; sourceTree = "<group>"; };
		6A29FDF5CD76A8F7218286ED /* SlimMeterRowView.swift */ = {isa = PBXFileReference; lastKnownFileType = sourcecode.swift; path = SlimMeterRowView.swift; sourceTree = "<group>"; };
		6B3BDF6A638B666F90B59FA8 /* ThoughtRecordExtensionTests.swift */ = {isa = PBXFileReference; lastKnownFileType = sourcecode.swift; path = ThoughtRecordExtensionTests.swift; sourceTree = "<group>"; };
		6D04694E8803ADCAF782A572 /* ValuesChecklistTests.swift */ = {isa = PBXFileReference; lastKnownFileType = sourcecode.swift; path = ValuesChecklistTests.swift; sourceTree = "<group>"; };
		702493F941F8C5843E4C5290 /* ModelContainerConfig.swift */ = {isa = PBXFileReference; lastKnownFileType = sourcecode.swift; path = ModelContainerConfig.swift; sourceTree = "<group>"; };
		72F8753F0C2BAB5284805DE4 /* AdaptivePromptsTests.swift */ = {isa = PBXFileReference; lastKnownFileType = sourcecode.swift; path = AdaptivePromptsTests.swift; sourceTree = "<group>"; };
		7593019C057F861DCFFECBA6 /* ThoughtCardView.swift */ = {isa = PBXFileReference; lastKnownFileType = sourcecode.swift; path = ThoughtCardView.swift; sourceTree = "<group>"; };
		7685FB9A44932CF9C0F3349F /* WizardViewModel.swift */ = {isa = PBXFileReference; lastKnownFileType = sourcecode.swift; path = WizardViewModel.swift; sourceTree = "<group>"; };
		773127E36ABC4313240FB246 /* AIReframeDepth.swift */ = {isa = PBXFileReference; lastKnownFileType = sourcecode.swift; path = AIReframeDepth.swift; sourceTree = "<group>"; };
		7C62B1CD9FFA6C801F6C6117 /* ReframeJournal.app */ = {isa = PBXFileReference; includeInIndex = 0; lastKnownFileType = wrapper.application; path = ReframeJournal.app; sourceTree = BUILT_PRODUCTS_DIR; };
		7CBBAF3FFE33047CA5DEA1DF /* ThoughtRecordTests.swift */ = {isa = PBXFileReference; lastKnownFileType = sourcecode.swift; path = ThoughtRecordTests.swift; sourceTree = "<group>"; };
		7D55C61CF6964611F106D910 /* EmotionsView.swift */ = {isa = PBXFileReference; lastKnownFileType = sourcecode.swift; path = EmotionsView.swift; sourceTree = "<group>"; };
		7E30587AECC6EFE96513A19B /* ThoughtRecordRepository.swift */ = {isa = PBXFileReference; lastKnownFileType = sourcecode.swift; path = ThoughtRecordRepository.swift; sourceTree = "<group>"; };
		81061E32DA22A0D8F36B4B84 /* StepBottomNavBar.swift */ = {isa = PBXFileReference; lastKnownFileType = sourcecode.swift; path = StepBottomNavBar.swift; sourceTree = "<group>"; };
		86160A8B5D0EE7F259D68EC8 /* SensationPickerSheetView.swift */ = {isa = PBXFileReference; lastKnownFileType = sourcecode.swift; path = SensationPickerSheetView.swift; sourceTree = "<group>"; };
		86E7EE2D4F70C3460FD8F7B4 /* AIReframeNotesView.swift */ = {isa = PBXFileReference; lastKnownFileType = sourcecode.swift; path = AIReframeNotesView.swift; sourceTree = "<group>"; };
		875599BD7B821E48DA88F5E5 /* ReframeResultView.swift */ = {isa = PBXFileReference; lastKnownFileType = sourcecode.swift; path = ReframeResultView.swift; sourceTree = "<group>"; };
		8AFA5B4C6A951A5669028051 /* EntitlementsManager.swift */ = {isa = PBXFileReference; lastKnownFileType = sourcecode.swift; path = EntitlementsManager.swift; sourceTree = "<group>"; };
		8BA6D8D4085F2AEE3AA99A0B /* AppRouter.swift */ = {isa = PBXFileReference; lastKnownFileType = sourcecode.swift; path = AppRouter.swift; sourceTree = "<group>"; };
		8E3D8A6059E415B9190689C6 /* Thought.swift */ = {isa = PBXFileReference; lastKnownFileType = sourcecode.swift; path = Thought.swift; sourceTree = "<group>"; };
		8F5A92E45DF69DBA7D5B6F5B /* ThoughtTests.swift */ = {isa = PBXFileReference; lastKnownFileType = sourcecode.swift; path = ThoughtTests.swift; sourceTree = "<group>"; };
		8F60033E301CE97D6A6B26C9 /* Color+Hex.swift */ = {isa = PBXFileReference; lastKnownFileType = sourcecode.swift; path = "Color+Hex.swift"; sourceTree = "<group>"; };
		8F748E0F23CB7AED486492E5 /* StepHeaderView.swift */ = {isa = PBXFileReference; lastKnownFileType = sourcecode.swift; path = StepHeaderView.swift; sourceTree = "<group>"; };
		90D6E8361F527A3CB178A86A /* ThoughtEntry.swift */ = {isa = PBXFileReference; lastKnownFileType = sourcecode.swift; path = ThoughtEntry.swift; sourceTree = "<group>"; };
		9101BE5A4A7BFEC11019DC7E /* HeroIconChevronLeft.swift */ = {isa = PBXFileReference; lastKnownFileType = sourcecode.swift; path = HeroIconChevronLeft.swift; sourceTree = "<group>"; };
		9125E47C627536B87332F914 /* DateUtilsTests.swift */ = {isa = PBXFileReference; lastKnownFileType = sourcecode.swift; path = DateUtilsTests.swift; sourceTree = "<group>"; };
		9177F2D92AD6872042B426E9 /* ReframeJournal.storekit */ = {isa = PBXFileReference; path = ReframeJournal.storekit; sourceTree = "<group>"; };
		91DA558F8B772805637B27BF /* ThoughtRecordRepositoryTests.swift */ = {isa = PBXFileReference; lastKnownFileType = sourcecode.swift; path = ThoughtRecordRepositoryTests.swift; sourceTree = "<group>"; };
		92008EAA58085F464D595D3C /* WizardViewModelTests.swift */ = {isa = PBXFileReference; lastKnownFileType = sourcecode.swift; path = WizardViewModelTests.swift; sourceTree = "<group>"; };
		9403D868FC083AE1EED61B6C /* HeroIconChevronDown.swift */ = {isa = PBXFileReference; lastKnownFileType = sourcecode.swift; path = HeroIconChevronDown.swift; sourceTree = "<group>"; };
		94F2BF34FB8B0D6166FF0491 /* LimitsManager.swift */ = {isa = PBXFileReference; lastKnownFileType = sourcecode.swift; path = LimitsManager.swift; sourceTree = "<group>"; };
		95559D82670F4957A468A1D5 /* CalendarStripView.swift */ = {isa = PBXFileReference; lastKnownFileType = sourcecode.swift; path = CalendarStripView.swift; sourceTree = "<group>"; };
		97BDB0D4A5A2D5AC0DB62C62 /* ThoughtUsageService.swift */ = {isa = PBXFileReference; lastKnownFileType = sourcecode.swift; path = ThoughtUsageService.swift; sourceTree = "<group>"; };
		994D465E2EC7637883EB7B54 /* SurfaceStyles.swift */ = {isa = PBXFileReference; lastKnownFileType = sourcecode.swift; path = SurfaceStyles.swift; sourceTree = "<group>"; };
		9B07FCE86ABECE4CC75F4E8A /* ReframeLoadingView.swift */ = {isa = PBXFileReference; lastKnownFileType = sourcecode.swift; path = ReframeLoadingView.swift; sourceTree = "<group>"; };
		9DE6C0FC9F38A2DA069E2665 /* KeyboardDismiss.swift */ = {isa = PBXFileReference; lastKnownFileType = sourcecode.swift; path = KeyboardDismiss.swift; sourceTree = "<group>"; };
		9F1DFD7F7F52522DE5279C2B /* SituationView.swift */ = {isa = PBXFileReference; lastKnownFileType = sourcecode.swift; path = SituationView.swift; sourceTree = "<group>"; };
		9F8017F762C89F4D0CF0CB64 /* ThemeManager.swift */ = {isa = PBXFileReference; lastKnownFileType = sourcecode.swift; path = ThemeManager.swift; sourceTree = "<group>"; };
		A2F0400E46EBC736273B7725 /* AppStateTests.swift */ = {isa = PBXFileReference; lastKnownFileType = sourcecode.swift; path = AppStateTests.swift; sourceTree = "<group>"; };
		A479E1E4C7D75E85D48AD3B8 /* Info.plist */ = {isa = PBXFileReference; lastKnownFileType = text.plist; path = Info.plist; sourceTree = "<group>"; };
		AC11F4CD29650FDE224F2625 /* HeroIconArrowRight.swift */ = {isa = PBXFileReference; lastKnownFileType = sourcecode.swift; path = HeroIconArrowRight.swift; sourceTree = "<group>"; };
		AF4ADE63B058E7F3481E512A /* HeroIconSparkles.swift */ = {isa = PBXFileReference; lastKnownFileType = sourcecode.swift; path = HeroIconSparkles.swift; sourceTree = "<group>"; };
		B241175175575E18450819BB /* ProgressPillView.swift */ = {isa = PBXFileReference; lastKnownFileType = sourcecode.swift; path = ProgressPillView.swift; sourceTree = "<group>"; };
		B423236B35FFF31854A9B216 /* SelectedChipView.swift */ = {isa = PBXFileReference; lastKnownFileType = sourcecode.swift; path = SelectedChipView.swift; sourceTree = "<group>"; };
		B596A52231810CABF3E8F92E /* EmotionItemTests.swift */ = {isa = PBXFileReference; lastKnownFileType = sourcecode.swift; path = EmotionItemTests.swift; sourceTree = "<group>"; };
		B7B81E049560BD2F69940170 /* Identifiers.swift */ = {isa = PBXFileReference; lastKnownFileType = sourcecode.swift; path = Identifiers.swift; sourceTree = "<group>"; };
		B7DDBDA006E392ED07F4B18C /* ValuesProfileServiceTests.swift */ = {isa = PBXFileReference; lastKnownFileType = sourcecode.swift; path = ValuesProfileServiceTests.swift; sourceTree = "<group>"; };
		B95DD201A180DDA42BD229C7 /* ValuesProfileData.swift */ = {isa = PBXFileReference; lastKnownFileType = sourcecode.swift; path = ValuesProfileData.swift; sourceTree = "<group>"; };
		BCC868C6DE4ACBB30872EEE5 /* AppRouterTests.swift */ = {isa = PBXFileReference; lastKnownFileType = sourcecode.swift; path = AppRouterTests.swift; sourceTree = "<group>"; };
		BD2FB8F105547060260F5131 /* Assets.xcassets */ = {isa = PBXFileReference; lastKnownFileType = folder.assetcatalog; path = Assets.xcassets; sourceTree = "<group>"; };
		BFF6C1D7BE1675879EFA7C32 /* ThoughtUsageServiceTests.swift */ = {isa = PBXFileReference; lastKnownFileType = sourcecode.swift; path = ThoughtUsageServiceTests.swift; sourceTree = "<group>"; };
		C45269AC21C5B5C5A74E81F7 /* AutomaticThoughtsView.swift */ = {isa = PBXFileReference; lastKnownFileType = sourcecode.swift; path = AutomaticThoughtsView.swift; sourceTree = "<group>"; };
		C689DB0C7133578A1F7A27F1 /* AIReframeResultView.swift */ = {isa = PBXFileReference; lastKnownFileType = sourcecode.swift; path = AIReframeResultView.swift; sourceTree = "<group>"; };
		C76F1F3EEEA2648F3163E3CB /* HeroIconChevronRight.swift */ = {isa = PBXFileReference; lastKnownFileType = sourcecode.swift; path = HeroIconChevronRight.swift; sourceTree = "<group>"; };
		C776E243CD9B32161BB92B86 /* LabeledInput.swift */ = {isa = PBXFileReference; lastKnownFileType = sourcecode.swift; path = LabeledInput.swift; sourceTree = "<group>"; };
		CAFC8F07E4384B4D113A0E32 /* AIReframeResultTests.swift */ = {isa = PBXFileReference; lastKnownFileType = sourcecode.swift; path = AIReframeResultTests.swift; sourceTree = "<group>"; };
		CBE1824F9DC0A21BF3FF6807 /* ThoughtModelTests.swift */ = {isa = PBXFileReference; lastKnownFileType = sourcecode.swift; path = ThoughtModelTests.swift; sourceTree = "<group>"; };
		CCF9D27FA3CF9C0938F10E96 /* EntryListItemView.swift */ = {isa = PBXFileReference; lastKnownFileType = sourcecode.swift; path = EntryListItemView.swift; sourceTree = "<group>"; };
		CF9906EA878307A5C77E219F /* HeroIconShare.swift */ = {isa = PBXFileReference; lastKnownFileType = sourcecode.swift; path = HeroIconShare.swift; sourceTree = "<group>"; };
		CFF93899497F29B20C03F371 /* AccordionView.swift */ = {isa = PBXFileReference; lastKnownFileType = sourcecode.swift; path = AccordionView.swift; sourceTree = "<group>"; };
		D05AB4EFD84ACF7233944CD8 /* LimitsManagerTests.swift */ = {isa = PBXFileReference; lastKnownFileType = sourcecode.swift; path = LimitsManagerTests.swift; sourceTree = "<group>"; };
		D0F2032BF10E512D6BA1B45C /* ValuesProfileView.swift */ = {isa = PBXFileReference; lastKnownFileType = sourcecode.swift; path = ValuesProfileView.swift; sourceTree = "<group>"; };
		D2D84A419C1CFA8B3469A98A /* ReframeJournalTests.xctest */ = {isa = PBXFileReference; includeInIndex = 0; lastKnownFileType = wrapper.cfbundle; path = ReframeJournalTests.xctest; sourceTree = BUILT_PRODUCTS_DIR; };
		D3800C3E5E221ECA92944B0A /* HomeViewModelTests.swift */ = {isa = PBXFileReference; lastKnownFileType = sourcecode.swift; path = HomeViewModelTests.swift; sourceTree = "<group>"; };
		D3943625E2E92720D6759170 /* IdentifiersTests.swift */ = {isa = PBXFileReference; lastKnownFileType = sourcecode.swift; path = IdentifiersTests.swift; sourceTree = "<group>"; };
		D44EEF31DBEB81E519A8571E /* AdaptiveResponseView.swift */ = {isa = PBXFileReference; lastKnownFileType = sourcecode.swift; path = AdaptiveResponseView.swift; sourceTree = "<group>"; };
		D537A34287202955112F8BAB /* EntryDetailViewModel.swift */ = {isa = PBXFileReference; lastKnownFileType = sourcecode.swift; path = EntryDetailViewModel.swift; sourceTree = "<group>"; };
		D86034906292E617EB5824D0 /* DateUtils.swift */ = {isa = PBXFileReference; lastKnownFileType = sourcecode.swift; path = DateUtils.swift; sourceTree = "<group>"; };
		D92A90D2D1D5ADA28E563583 /* ValuesProfileTests.swift */ = {isa = PBXFileReference; lastKnownFileType = sourcecode.swift; path = ValuesProfileTests.swift; sourceTree = "<group>"; };
		DB2FD14C3B6DEF43D68D71DC /* ThoughtEntryViewModel.swift */ = {isa = PBXFileReference; lastKnownFileType = sourcecode.swift; path = ThoughtEntryViewModel.swift; sourceTree = "<group>"; };
		DB76E48463E6ACFE94D79025 /* AppState.swift */ = {isa = PBXFileReference; lastKnownFileType = sourcecode.swift; path = AppState.swift; sourceTree = "<group>"; };
		DC13EF08DFA002D9FB3939BA /* NotesTextEditor.swift */ = {isa = PBXFileReference; lastKnownFileType = sourcecode.swift; path = NotesTextEditor.swift; sourceTree = "<group>"; };
		E01BC077315403DCB4FD9555 /* ModelContainerConfigTests.swift */ = {isa = PBXFileReference; lastKnownFileType = sourcecode.swift; path = ModelContainerConfigTests.swift; sourceTree = "<group>"; };
		E087909110F5C3F0080509F7 /* HeroIconEllipsis.swift */ = {isa = PBXFileReference; lastKnownFileType = sourcecode.swift; path = HeroIconEllipsis.swift; sourceTree = "<group>"; };
		E2125FE59D3067E78DEEB7D6 /* NotesPalettePreview.swift */ = {isa = PBXFileReference; lastKnownFileType = sourcecode.swift; path = NotesPalettePreview.swift; sourceTree = "<group>"; };
		E46312FE3978E03DDBCCC38F /* ReframeJournalApp.swift */ = {isa = PBXFileReference; lastKnownFileType = sourcecode.swift; path = ReframeJournalApp.swift; sourceTree = "<group>"; };
		E49CE456130512FD69E7A547 /* ReframeResponseTests.swift */ = {isa = PBXFileReference; lastKnownFileType = sourcecode.swift; path = ReframeResponseTests.swift; sourceTree = "<group>"; };
		E52D7165210280A0F072C95E /* HomeViewModel.swift */ = {isa = PBXFileReference; lastKnownFileType = sourcecode.swift; path = HomeViewModel.swift; sourceTree = "<group>"; };
		E6EB392159A951E047259784 /* AIReframeResult.swift */ = {isa = PBXFileReference; lastKnownFileType = sourcecode.swift; path = AIReframeResult.swift; sourceTree = "<group>"; };
		E72EEAB94EDDA45026AF55F2 /* EmotionItem.swift */ = {isa = PBXFileReference; lastKnownFileType = sourcecode.swift; path = EmotionItem.swift; sourceTree = "<group>"; };
		E9A5BFBBD6E6E6755AFFB1A3 /* StepContentContainer.swift */ = {isa = PBXFileReference; lastKnownFileType = sourcecode.swift; path = StepContentContainer.swift; sourceTree = "<group>"; };
		EA265A626714795E7984B79E /* EntitlementsManagerTests.swift */ = {isa = PBXFileReference; lastKnownFileType = sourcecode.swift; path = EntitlementsManagerTests.swift; sourceTree = "<group>"; };
		ED787A3A0146DF8813BE657E /* RootView.swift */ = {isa = PBXFileReference; lastKnownFileType = sourcecode.swift; path = RootView.swift; sourceTree = "<group>"; };
		EECD5845C5E0D4E109B6222E /* ReframeResponse.swift */ = {isa = PBXFileReference; lastKnownFileType = sourcecode.swift; path = ReframeResponse.swift; sourceTree = "<group>"; };
		EF648E6F992C11CE9EEF68D8 /* MetricsTests.swift */ = {isa = PBXFileReference; lastKnownFileType = sourcecode.swift; path = MetricsTests.swift; sourceTree = "<group>"; };
		FE6DDB5CD0FF1C26A169C822 /* GlassSectionHeader.swift */ = {isa = PBXFileReference; lastKnownFileType = sourcecode.swift; path = GlassSectionHeader.swift; sourceTree = "<group>"; };
		FEEE6CC262AB1A39AE803103 /* HeroIconCog6Tooth.swift */ = {isa = PBXFileReference; lastKnownFileType = sourcecode.swift; path = HeroIconCog6Tooth.swift; sourceTree = "<group>"; };
/* End PBXFileReference section */

/* Begin PBXGroup section */
		0031BD16E2C88089F574CEC8 /* Products */ = {
			isa = PBXGroup;
			children = (
				7C62B1CD9FFA6C801F6C6117 /* ReframeJournal.app */,
				D2D84A419C1CFA8B3469A98A /* ReframeJournalTests.xctest */,
			);
			name = Products;
			sourceTree = "<group>";
		};
		29A95A9797C0B70CE139BAFB /* Models */ = {
			isa = PBXGroup;
			children = (
				773127E36ABC4313240FB246 /* AIReframeDepth.swift */,
				E6EB392159A951E047259784 /* AIReframeResult.swift */,
				E72EEAB94EDDA45026AF55F2 /* EmotionItem.swift */,
				3A40CC73AAD25A7BBFBC1530 /* JournalEntry.swift */,
				EECD5845C5E0D4E109B6222E /* ReframeResponse.swift */,
				8E3D8A6059E415B9190689C6 /* Thought.swift */,
				90D6E8361F527A3CB178A86A /* ThoughtEntry.swift */,
				0DA5A6B08FABCE630CF8B371 /* ThoughtRecord.swift */,
				337B52BEB6D385F1B602699F /* ValuesCategory.swift */,
				041FEF02DEF678FFD539CB8A /* ValuesProfile.swift */,
				B95DD201A180DDA42BD229C7 /* ValuesProfileData.swift */,
			);
			path = Models;
			sourceTree = "<group>";
		};
		3C5E90A7A2BC7D5D0DD1A3BE /* Views */ = {
			isa = PBXGroup;
			children = (
				CFF93899497F29B20C03F371 /* AccordionView.swift */,
				D44EEF31DBEB81E519A8571E /* AdaptiveResponseView.swift */,
				86E7EE2D4F70C3460FD8F7B4 /* AIReframeNotesView.swift */,
				C689DB0C7133578A1F7A27F1 /* AIReframeResultView.swift */,
				661A270E0AB73EFA2FE2EB80 /* AllEntriesView.swift */,
				C45269AC21C5B5C5A74E81F7 /* AutomaticThoughtsView.swift */,
				31C1A2C353758ADB30EE5218 /* ChangeSummaryCardView.swift */,
				401D9356FD1A40FB06F9E405 /* DateTimeView.swift */,
				7D55C61CF6964611F106D910 /* EmotionsView.swift */,
				18E52E5CE02DB158DCFF76DE /* EntryDetailView.swift */,
				CCF9D27FA3CF9C0938F10E96 /* EntryListItemView.swift */,
				568C492A6F061A5081934CF2 /* ExpandableTextView.swift */,
				372EFE6D8AD2C60DA0079CEC /* HomeView.swift */,
				C776E243CD9B32161BB92B86 /* LabeledInput.swift */,
				16F447382CD5C051F12DE8E2 /* MainTabView.swift */,
				421685199DA060D4C976C3B9 /* NotesStyleEntryView.swift */,
				1D5D5102BC1CBB4188BD250A /* OutcomeView.swift */,
				6018F01F148E07963F5071BD /* PaywallView.swift */,
				425AF360D9A05BA0D2EC6FB7 /* PrimaryButton.swift */,
				B241175175575E18450819BB /* ProgressPillView.swift */,
				9B07FCE86ABECE4CC75F4E8A /* ReframeLoadingView.swift */,
				875599BD7B821E48DA88F5E5 /* ReframeResultView.swift */,
				546FB4220CEEF24D6A5B1D14 /* SectionCardView.swift */,
				46308216C66CE393053779B5 /* SettingsView.swift */,
				9F1DFD7F7F52522DE5279C2B /* SituationView.swift */,
				6A29FDF5CD76A8F7218286ED /* SlimMeterRowView.swift */,
				81061E32DA22A0D8F36B4B84 /* StepBottomNavBar.swift */,
				E9A5BFBBD6E6E6755AFFB1A3 /* StepContentContainer.swift */,
				8F748E0F23CB7AED486492E5 /* StepHeaderView.swift */,
				4194EA4D143095F4241DBC13 /* TermsPrivacyView.swift */,
				7593019C057F861DCFFECBA6 /* ThoughtCardView.swift */,
				18F0ECA1F6770FC6E3444574 /* ThoughtDetailsView.swift */,
				0576C46B8E70F76A0EE73B7E /* ThoughtEntryNotesView.swift */,
				628440F7D93AA4374667AC4F /* ThoughtResponseDetailView.swift */,
				0EB5F22D3C642BF612028859 /* ValuesCategoryDetailView.swift */,
				D0F2032BF10E512D6BA1B45C /* ValuesProfileView.swift */,
				10AFCB6B783A2B675B407889 /* WizardProgressView.swift */,
				D266E5B786B772AEFC4007D9 /* Components */,
			);
			path = Views;
			sourceTree = "<group>";
		};
		3D5C31869CCD4872B332EF1B /* Icons */ = {
			isa = PBXGroup;
			children = (
				2C63CFC0FCAB1D295DC38264 /* AppIcon.swift */,
				6336428FEC666406A5267E2A /* AppIconView.swift */,
				AC11F4CD29650FDE224F2625 /* HeroIconArrowRight.swift */,
				0AB6BD50005285F212D29E2F /* HeroIconCheck.swift */,
				9403D868FC083AE1EED61B6C /* HeroIconChevronDown.swift */,
				9101BE5A4A7BFEC11019DC7E /* HeroIconChevronLeft.swift */,
				C76F1F3EEEA2648F3163E3CB /* HeroIconChevronRight.swift */,
				FEEE6CC262AB1A39AE803103 /* HeroIconCog6Tooth.swift */,
				E087909110F5C3F0080509F7 /* HeroIconEllipsis.swift */,
				167A3EE5F870D95927200796 /* HeroIconMinus.swift */,
				64F0197A2EAC9A0D1EFBFAEC /* HeroIconPlus.swift */,
				CF9906EA878307A5C77E219F /* HeroIconShare.swift */,
				AF4ADE63B058E7F3481E512A /* HeroIconSparkles.swift */,
			);
			path = Icons;
			sourceTree = "<group>";
		};
		4CC9CCBFA1CA1233B42234DD /* ReframeJournalTests */ = {
			isa = PBXGroup;
			children = (
				72F8753F0C2BAB5284805DE4 /* AdaptivePromptsTests.swift */,
				5491653738C82D7B3A2C45EC /* AIReframeDepthTests.swift */,
				CAFC8F07E4384B4D113A0E32 /* AIReframeResultTests.swift */,
				47BC25714A841D292D6AAB33 /* AIReframeServiceTests.swift */,
				4D67079BC97FDE080A717562 /* AIReframeViewModelTests.swift */,
				BCC868C6DE4ACBB30872EEE5 /* AppRouterTests.swift */,
				A2F0400E46EBC736273B7725 /* AppStateTests.swift */,
				16702761997A629DFF100F85 /* ColorHexTests.swift */,
				9125E47C627536B87332F914 /* DateUtilsTests.swift */,
				B596A52231810CABF3E8F92E /* EmotionItemTests.swift */,
				EA265A626714795E7984B79E /* EntitlementsManagerTests.swift */,
				3794387348B74BF21FD7B330 /* EntryDetailViewModelTests.swift */,
				D3800C3E5E221ECA92944B0A /* HomeViewModelTests.swift */,
				D3943625E2E92720D6759170 /* IdentifiersTests.swift */,
				A479E1E4C7D75E85D48AD3B8 /* Info.plist */,
				16002C2618A5092DF9ABA346 /* JournalEntryStoreTests.swift */,
				3AAD9801D79B764C4DFCE31A /* JournalEntryTests.swift */,
				D05AB4EFD84ACF7233944CD8 /* LimitsManagerTests.swift */,
				EF648E6F992C11CE9EEF68D8 /* MetricsTests.swift */,
				E01BC077315403DCB4FD9555 /* ModelContainerConfigTests.swift */,
				E49CE456130512FD69E7A547 /* ReframeResponseTests.swift */,
				141C824C981900102F34A3D4 /* StreakCalculatorTests.swift */,
				31446CFB34555B13AB004824 /* SuggestionEngineTests.swift */,
				411091766B9C35C913A26825 /* ThoughtEntryTests.swift */,
				CBE1824F9DC0A21BF3FF6807 /* ThoughtModelTests.swift */,
				6B3BDF6A638B666F90B59FA8 /* ThoughtRecordExtensionTests.swift */,
				91DA558F8B772805637B27BF /* ThoughtRecordRepositoryTests.swift */,
				7CBBAF3FFE33047CA5DEA1DF /* ThoughtRecordTests.swift */,
				8F5A92E45DF69DBA7D5B6F5B /* ThoughtTests.swift */,
				BFF6C1D7BE1675879EFA7C32 /* ThoughtUsageServiceTests.swift */,
				3023FCFA09B5FA040CBC644A /* ValuesCategoryTests.swift */,
				6D04694E8803ADCAF782A572 /* ValuesChecklistTests.swift */,
				522E10E7A3AE844BA282588A /* ValuesProfileDataTests.swift */,
				B7DDBDA006E392ED07F4B18C /* ValuesProfileServiceTests.swift */,
				D92A90D2D1D5ADA28E563583 /* ValuesProfileTests.swift */,
				92008EAA58085F464D595D3C /* WizardViewModelTests.swift */,
			);
			path = ReframeJournalTests;
			sourceTree = "<group>";
		};
		4D774A76A37CA3457E65BDEF /* Glass */ = {
			isa = PBXGroup;
			children = (
				10759C27037D430BE1C1884C /* GlassBackground.swift */,
				40401F90EBCB50FB490EB60A /* GlassCard.swift */,
				4FB09B9028E4BC3E4F3D526A /* GlassDivider.swift */,
				1EE3F5241CBB8FAD500CEB95 /* GlassIconButton.swift */,
				662BD8171BAAA6113123ABAF /* GlassPill.swift */,
				FE6DDB5CD0FF1C26A169C822 /* GlassSectionHeader.swift */,
			);
			path = Glass;
			sourceTree = "<group>";
		};
		6B38B88DEA0CFACCC1336217 /* Services */ = {
			isa = PBXGroup;
			children = (
				22C93B4E2C3559CAA67626F0 /* AIReframeService.swift */,
				8AFA5B4C6A951A5669028051 /* EntitlementsManager.swift */,
				94F2BF34FB8B0D6166FF0491 /* LimitsManager.swift */,
				1449AD75732D11D8D5812C1B /* OpenAIClient.swift */,
				25AAAC8BF94E2D2597E3D427 /* RewardedAdManager.swift */,
				7E30587AECC6EFE96513A19B /* ThoughtRecordRepository.swift */,
				97BDB0D4A5A2D5AC0DB62C62 /* ThoughtUsageService.swift */,
				473F6A19F46F049EB590C87F /* ValuesProfileService.swift */,
			);
			path = Services;
			sourceTree = "<group>";
		};
		781FD2E6ABADC444F9609FBC /* ViewModels */ = {
			isa = PBXGroup;
			children = (
				2C76D5E965E089A9B067432C /* AIReframeViewModel.swift */,
				D537A34287202955112F8BAB /* EntryDetailViewModel.swift */,
				E52D7165210280A0F072C95E /* HomeViewModel.swift */,
				DB2FD14C3B6DEF43D68D71DC /* ThoughtEntryViewModel.swift */,
				1EBFBB6C8833ECA386CC7AFB /* ThoughtResponseDetailViewModel.swift */,
				7685FB9A44932CF9C0F3349F /* WizardViewModel.swift */,
			);
			path = ViewModels;
			sourceTree = "<group>";
		};
		7B1F9EA70CD69CDF2AB546DF /* Utilities */ = {
			isa = PBXGroup;
			children = (
				3FF68E4F81363C2FB72B0B64 /* AdaptivePrompts.swift */,
				8F60033E301CE97D6A6B26C9 /* Color+Hex.swift */,
				D86034906292E617EB5824D0 /* DateUtils.swift */,
				B7B81E049560BD2F69940170 /* Identifiers.swift */,
				9DE6C0FC9F38A2DA069E2665 /* KeyboardDismiss.swift */,
				087306FB4D31EF378A1C1F1A /* Metrics.swift */,
				1E5184FD7B628AA059B42972 /* SuggestionEngine.swift */,
				690B500CCC0A9839CCE2238A /* ValuesChecklist.swift */,
			);
			path = Utilities;
			sourceTree = "<group>";
		};
		971A6C5F93A7C542A1B76B23 /* ReframeJournal */ = {
			isa = PBXGroup;
			children = (
				20411D8B8D118DB1EA12CD33 /* ReframeJournal.entitlements */,
				D5084D6545217CACAD4F5505 /* App */,
				29A95A9797C0B70CE139BAFB /* Models */,
				EE5BE045B3B290C037D76B69 /* Persistence */,
				B7FB4A637C3DADEAC0108682 /* Resources */,
				6B38B88DEA0CFACCC1336217 /* Services */,
				E77EB9ABD8F291265B0E588D /* UI */,
				7B1F9EA70CD69CDF2AB546DF /* Utilities */,
				781FD2E6ABADC444F9609FBC /* ViewModels */,
				3C5E90A7A2BC7D5D0DD1A3BE /* Views */,
			);
			path = ReframeJournal;
			sourceTree = "<group>";
		};
		A9CB432694624D1ACB3C1D77 /* Theme */ = {
			isa = PBXGroup;
			children = (
				125CFB98D8A4978BA5484070 /* AppTheme.swift */,
				E2125FE59D3067E78DEEB7D6 /* NotesPalettePreview.swift */,
			);
			path = Theme;
			sourceTree = "<group>";
		};
		B7FB4A637C3DADEAC0108682 /* Resources */ = {
			isa = PBXGroup;
			children = (
				BD2FB8F105547060260F5131 /* Assets.xcassets */,
				38F868DC42216E26C93F2EA3 /* Info.plist */,
				082A0A7C10E54A7FE76D86D9 /* Launch Screen.storyboard */,
				9177F2D92AD6872042B426E9 /* ReframeJournal.storekit */,
			);
			path = Resources;
			sourceTree = "<group>";
		};
		BD35759B78639D1633395C03 = {
			isa = PBXGroup;
			children = (
				971A6C5F93A7C542A1B76B23 /* ReframeJournal */,
				4CC9CCBFA1CA1233B42234DD /* ReframeJournalTests */,
				0031BD16E2C88089F574CEC8 /* Products */,
			);
			sourceTree = "<group>";
		};
		D266E5B786B772AEFC4007D9 /* Components */ = {
			isa = PBXGroup;
			children = (
				95559D82670F4957A468A1D5 /* CalendarStripView.swift */,
				2E80ADB7E2699072C88EA008 /* MainTabBar.swift */,
				DC13EF08DFA002D9FB3939BA /* NotesTextEditor.swift */,
				B423236B35FFF31854A9B216 /* SelectedChipView.swift */,
				86160A8B5D0EE7F259D68EC8 /* SensationPickerSheetView.swift */,
				994D465E2EC7637883EB7B54 /* SurfaceStyles.swift */,
				4168F7F5D125E8285F0FA8E5 /* ValuesSelectionSection.swift */,
			);
			path = Components;
			sourceTree = "<group>";
		};
		D5084D6545217CACAD4F5505 /* App */ = {
			isa = PBXGroup;
			children = (
				0BC81A37006DDD94294B3875 /* AppAppearance.swift */,
				13FBE6829E3545E6642E8712 /* AppDelegate.swift */,
				8BA6D8D4085F2AEE3AA99A0B /* AppRouter.swift */,
				DB76E48463E6ACFE94D79025 /* AppState.swift */,
				E46312FE3978E03DDBCCC38F /* ReframeJournalApp.swift */,
				ED787A3A0146DF8813BE657E /* RootView.swift */,
				9F8017F762C89F4D0CF0CB64 /* ThemeManager.swift */,
			);
			path = App;
			sourceTree = "<group>";
		};
		E77EB9ABD8F291265B0E588D /* UI */ = {
			isa = PBXGroup;
			children = (
				4D774A76A37CA3457E65BDEF /* Glass */,
				3D5C31869CCD4872B332EF1B /* Icons */,
				A9CB432694624D1ACB3C1D77 /* Theme */,
			);
			path = UI;
			sourceTree = "<group>";
		};
		EE5BE045B3B290C037D76B69 /* Persistence */ = {
			isa = PBXGroup;
			children = (
				362FF661EF8C7ECA9B442BF4 /* JournalEntryStore.swift */,
				702493F941F8C5843E4C5290 /* ModelContainerConfig.swift */,
			);
			path = Persistence;
			sourceTree = "<group>";
		};
/* End PBXGroup section */

/* Begin PBXNativeTarget section */
		9154542E809E801D08CF3F16 /* ReframeJournalTests */ = {
			isa = PBXNativeTarget;
			buildConfigurationList = 4A95E7A42870FB534D0F0507 /* Build configuration list for PBXNativeTarget "ReframeJournalTests" */;
			buildPhases = (
				834158BED27337A1894C3B0B /* Sources */,
			);
			buildRules = (
			);
			dependencies = (
				5CB88666B19EC618DEFAA530 /* PBXTargetDependency */,
			);
			name = ReframeJournalTests;
			packageProductDependencies = (
			);
			productName = ReframeJournalTests;
			productReference = D2D84A419C1CFA8B3469A98A /* ReframeJournalTests.xctest */;
			productType = "com.apple.product-type.bundle.unit-test";
		};
		B4A15E0B20662941E951641E /* ReframeJournal */ = {
			isa = PBXNativeTarget;
			buildConfigurationList = 5C7EB7CC62DC2460989E0E86 /* Build configuration list for PBXNativeTarget "ReframeJournal" */;
			buildPhases = (
				4D75B2B1CAB379F487FDD534 /* Sources */,
				44D356B96DDCCABA7CF1988E /* Resources */,
			);
			buildRules = (
			);
			dependencies = (
			);
			name = ReframeJournal;
			packageProductDependencies = (
			);
			productName = ReframeJournal;
			productReference = 7C62B1CD9FFA6C801F6C6117 /* ReframeJournal.app */;
			productType = "com.apple.product-type.application";
		};
/* End PBXNativeTarget section */

/* Begin PBXProject section */
		A71D48D9BF0B3E97F0AF17D5 /* Project object */ = {
			isa = PBXProject;
			attributes = {
				BuildIndependentTargetsInParallel = YES;
				LastUpgradeCheck = 1430;
				TargetAttributes = {
					9154542E809E801D08CF3F16 = {
						DevelopmentTeam = "";
						ProvisioningStyle = Automatic;
					};
					B4A15E0B20662941E951641E = {
						DevelopmentTeam = "";
						ProvisioningStyle = Automatic;
					};
				};
			};
			buildConfigurationList = 2A7861AC5A250BFD15492EBE /* Build configuration list for PBXProject "ReframeJournal" */;
			compatibilityVersion = "Xcode 14.0";
			developmentRegion = en;
			hasScannedForEncodings = 0;
			knownRegions = (
				Base,
				en,
			);
			mainGroup = BD35759B78639D1633395C03;
			minimizedProjectReferenceProxies = 1;
			preferredProjectObjectVersion = 77;
			projectDirPath = "";
			projectRoot = "";
			targets = (
				B4A15E0B20662941E951641E /* ReframeJournal */,
				9154542E809E801D08CF3F16 /* ReframeJournalTests */,
			);
		};
/* End PBXProject section */

/* Begin PBXResourcesBuildPhase section */
		44D356B96DDCCABA7CF1988E /* Resources */ = {
			isa = PBXResourcesBuildPhase;
			buildActionMask = 2147483647;
			files = (
				7531EA5222A2C5C875E35207 /* Assets.xcassets in Resources */,
				E61B11DF36D31B3ED9316798 /* Launch Screen.storyboard in Resources */,
				D41884E428491F7F0A45DCFC /* ReframeJournal.storekit in Resources */,
			);
			runOnlyForDeploymentPostprocessing = 0;
		};
/* End PBXResourcesBuildPhase section */

/* Begin PBXSourcesBuildPhase section */
		4D75B2B1CAB379F487FDD534 /* Sources */ = {
			isa = PBXSourcesBuildPhase;
			buildActionMask = 2147483647;
			files = (
				0A3037433BA5F96691DE1419 /* AIReframeDepth.swift in Sources */,
				8C81EB8E8A646ACABA18A15A /* AIReframeNotesView.swift in Sources */,
				6D6E87EC4E623DB62CA4FAC6 /* AIReframeResult.swift in Sources */,
				6D35F048803AE455A546A3D4 /* AIReframeResultView.swift in Sources */,
				F1C06BEEC117ED80E2BBD816 /* AIReframeService.swift in Sources */,
				09184FC832D5AD5B7B14C6C0 /* AIReframeViewModel.swift in Sources */,
				6FFB15E22C2CEC0BC540A95D /* AccordionView.swift in Sources */,
				0BE5C113B242E7C02660892E /* AdaptivePrompts.swift in Sources */,
				51DD3E0559533372EA2AC62D /* AdaptiveResponseView.swift in Sources */,
				CBDCB538647242A62761632B /* AllEntriesView.swift in Sources */,
				E31A310E02A14A9DFD9A3808 /* AppAppearance.swift in Sources */,
				1F22027AE1B363F32B117BC6 /* AppDelegate.swift in Sources */,
				1CED569D3754E87C5BC22F49 /* AppIcon.swift in Sources */,
				482F3030595478F805992D71 /* AppIconView.swift in Sources */,
				A85E0FC1B33DB7B614615316 /* AppRouter.swift in Sources */,
				24C71267BA9EFA6BCBB14D1F /* AppState.swift in Sources */,
				6C34856248461A24545DC56F /* AppTheme.swift in Sources */,
				243ECDEC3EA366FC87AD623C /* AutomaticThoughtsView.swift in Sources */,
				352BFC1D5B5322676727EA6B /* CalendarStripView.swift in Sources */,
				3B79AC2C4B2167530C1E6C6F /* ChangeSummaryCardView.swift in Sources */,
				671B038C45A51530D33714B7 /* Color+Hex.swift in Sources */,
				7D27181DC4115CA7CAC8C1F7 /* DateTimeView.swift in Sources */,
				E2FEE415C8FE9B5A9D53EB93 /* DateUtils.swift in Sources */,
				4D508D4DE9AAB7331F5E91F5 /* EmotionItem.swift in Sources */,
				0597D0C2BD5F3460115A2047 /* EmotionsView.swift in Sources */,
				6BCB5FC2BCEA7CD395992E0E /* EntitlementsManager.swift in Sources */,
				773AA7F64660375B01D22426 /* EntryDetailView.swift in Sources */,
				899DC5722809FB0C0D256089 /* EntryDetailViewModel.swift in Sources */,
				3F0788150F2C442B8A7E8933 /* EntryListItemView.swift in Sources */,
				510D8D7CC3B582128B31BEDE /* ExpandableTextView.swift in Sources */,
				8B670598949AF2ED7603E24A /* GlassBackground.swift in Sources */,
				A756D56B9A99381CE84476C5 /* GlassCard.swift in Sources */,
				DB34B48205979F0696F7238F /* GlassDivider.swift in Sources */,
				ACAEF1A8C7DA0A3E96B47EBA /* GlassIconButton.swift in Sources */,
				C54CA0F4A74BE76057EBACB1 /* GlassPill.swift in Sources */,
				E4357DF6745557ACB508077C /* GlassSectionHeader.swift in Sources */,
				28C82BF691BE9D076840DD2B /* HeroIconArrowRight.swift in Sources */,
				140FDDA15B859BC92337CD80 /* HeroIconCheck.swift in Sources */,
				1AE6349FD3B63E465C0DC972 /* HeroIconChevronDown.swift in Sources */,
				8CCDC002415314DDF3F46E87 /* HeroIconChevronLeft.swift in Sources */,
				139F8385DBF4C3C5CAA29DD7 /* HeroIconChevronRight.swift in Sources */,
				ECD0981DD267DAD6D6D7EEB9 /* HeroIconCog6Tooth.swift in Sources */,
				55BEDF1A7DF2A96DCC816F26 /* HeroIconEllipsis.swift in Sources */,
				2C05FFA9B96D63396793B798 /* HeroIconMinus.swift in Sources */,
				CD3B114E6EBF896934475D33 /* HeroIconPlus.swift in Sources */,
				A30A3B8E5D1AE48BAD892BEA /* HeroIconShare.swift in Sources */,
				918C76AE05A2FC3591B2C198 /* HeroIconSparkles.swift in Sources */,
				BA140D589F48239A7AB796DA /* HomeView.swift in Sources */,
				B1A278BD93BBB3C399455A5A /* HomeViewModel.swift in Sources */,
				6D7FF0544F37811F03C58FEA /* Identifiers.swift in Sources */,
				2E64A50CAA8F23C2B3EA2A11 /* JournalEntry.swift in Sources */,
				8A854EF56448AE88DD53874E /* JournalEntryStore.swift in Sources */,
				8A67B1B3E12AFAE0D6C697A0 /* KeyboardDismiss.swift in Sources */,
				FEF20C27AE1A5A0CE8AFE380 /* LabeledInput.swift in Sources */,
				CE453EF84875651311F1EBB4 /* LimitsManager.swift in Sources */,
				C075040AD71C049B63DD76BC /* MainTabBar.swift in Sources */,
				088D03DCDFB3178906417BC6 /* MainTabView.swift in Sources */,
				97366111857C0FBA4E911B26 /* Metrics.swift in Sources */,
				71C0F338ECA432F00683C95D /* ModelContainerConfig.swift in Sources */,
				7AF03F9BCD7E440DA0A8FA9D /* NotesPalettePreview.swift in Sources */,
				9FE147888E0BDE3CB08F3EEE /* NotesStyleEntryView.swift in Sources */,
				906C4BF01B8A08DE8EC9DE74 /* NotesTextEditor.swift in Sources */,
				98EDEE0A142F464A1E6156BA /* OpenAIClient.swift in Sources */,
				862BAAA2244902C29A28F9E9 /* OutcomeView.swift in Sources */,
				34BF0A9EA155B2EE75F0EF14 /* PaywallView.swift in Sources */,
				5BDBB32002A3D826F8D30994 /* PrimaryButton.swift in Sources */,
				D19A160F676C45F32A76799D /* ProgressPillView.swift in Sources */,
				73FDB8B9EA5037DFE8C69B30 /* ReframeJournalApp.swift in Sources */,
				A5A3C49473A71D3973E9D143 /* ReframeLoadingView.swift in Sources */,
				DF7C1641AF9D98CB84BD6984 /* ReframeResponse.swift in Sources */,
				0F5006CE258F3E944E348C3B /* ReframeResultView.swift in Sources */,
				51483101DE2C9206703DBFF0 /* RewardedAdManager.swift in Sources */,
				60DADC936ABD5241717A0DF9 /* RootView.swift in Sources */,
				12274A4E040B47078CCD7560 /* SectionCardView.swift in Sources */,
				AF458B015E0FA69215EDC9EA /* SelectedChipView.swift in Sources */,
				550C6843A67EA5455F47F826 /* SensationPickerSheetView.swift in Sources */,
				5E2E5DF1AAB3DF819A9863B3 /* SettingsView.swift in Sources */,
				2F739D9ACA296BC3BFC3273D /* SituationView.swift in Sources */,
				AF8538F8AD4BE3A44AE431A5 /* SlimMeterRowView.swift in Sources */,
				9DF508FA3E3D4F90A0816AF4 /* StepBottomNavBar.swift in Sources */,
				7DDC27640440105B4D8CCC7B /* StepContentContainer.swift in Sources */,
				DE46E1775070F5C505E39797 /* StepHeaderView.swift in Sources */,
				8938AA52233A98EED75E6EB8 /* SuggestionEngine.swift in Sources */,
				0FF3D738652773EB001C4C1C /* SurfaceStyles.swift in Sources */,
				5EB31B8FF92C6DAC27080EBB /* TermsPrivacyView.swift in Sources */,
				6EDB00E0B89BF6536EE3AA43 /* ThemeManager.swift in Sources */,
				1B3C38ADE17A003D2DC3B1B7 /* Thought.swift in Sources */,
				B2E1196C821235FFC2297082 /* ThoughtCardView.swift in Sources */,
				79423BD80616D887DD0425E7 /* ThoughtDetailsView.swift in Sources */,
				BC925948709E72490FFCB314 /* ThoughtEntry.swift in Sources */,
				80C3B5F1BAE1B0F71ED2DC96 /* ThoughtEntryNotesView.swift in Sources */,
				3E000EC04CE33CE675529303 /* ThoughtEntryViewModel.swift in Sources */,
				E3A1C31C54E4F3315848A261 /* ThoughtRecord.swift in Sources */,
				D3C6C4A98614E4C15AB54031 /* ThoughtRecordRepository.swift in Sources */,
				9CA0327104A0DF6A81FC02C7 /* ThoughtResponseDetailView.swift in Sources */,
				DEB0AF120B68CFB7EAA0956C /* ThoughtResponseDetailViewModel.swift in Sources */,
				F0877667485E130B05C8AE53 /* ThoughtUsageService.swift in Sources */,
				A21041DDDA7CAE2A0BB9A622 /* ValuesCategory.swift in Sources */,
				6BA3D18CAF5A52BBABA9F5D4 /* ValuesCategoryDetailView.swift in Sources */,
				CEB7D2D7C92A5EFC36A8C1AE /* ValuesChecklist.swift in Sources */,
				AE92F001866C65A4193D5777 /* ValuesProfile.swift in Sources */,
				BDE54114E67D368545E1B1C1 /* ValuesProfileData.swift in Sources */,
				4065A8DF8B9168ADD7AEA2ED /* ValuesProfileService.swift in Sources */,
				3B72BD567E7E94449708051C /* ValuesProfileView.swift in Sources */,
				C5626E02FAD4939FA7F9E405 /* ValuesSelectionSection.swift in Sources */,
				F4385CB82BEF4417830A4B09 /* WizardProgressView.swift in Sources */,
				D1B7AF8A3160F62E869DF9A8 /* WizardViewModel.swift in Sources */,
			);
			runOnlyForDeploymentPostprocessing = 0;
		};
		834158BED27337A1894C3B0B /* Sources */ = {
			isa = PBXSourcesBuildPhase;
			buildActionMask = 2147483647;
			files = (
				364A24C456A99B90FE683F76 /* AIReframeDepthTests.swift in Sources */,
				0F29BB291FB338B3D689D468 /* AIReframeResultTests.swift in Sources */,
				11B1011B8A4735D59D5E9A9B /* AIReframeServiceTests.swift in Sources */,
				23C77B30FA367A0F5AECBC53 /* AIReframeViewModelTests.swift in Sources */,
				DE3F2A4CAC380C0031920FAE /* AdaptivePromptsTests.swift in Sources */,
				2062D179A9AC1D2118FA4170 /* AppRouterTests.swift in Sources */,
				C0F2F632EEB71D7DD42EA1AB /* AppStateTests.swift in Sources */,
				441C21D85F3101AB6E99959D /* ColorHexTests.swift in Sources */,
				3E60EC3190B8F57796DFB646 /* DateUtilsTests.swift in Sources */,
				F25C2FC96577D8A23C319FB5 /* EmotionItemTests.swift in Sources */,
				6A37E67FDC63F9ACAE092081 /* EntitlementsManagerTests.swift in Sources */,
				AD722187044A1B01857D3DBC /* EntryDetailViewModelTests.swift in Sources */,
				BE34D2DCB3A3DF6C1F0E6C19 /* HomeViewModelTests.swift in Sources */,
				F7EA404D3BE6FB06A9B7C490 /* IdentifiersTests.swift in Sources */,
				83036AF2A0891CBE4FC4536B /* JournalEntryStoreTests.swift in Sources */,
				DC4195C537BBFECE17CA974E /* JournalEntryTests.swift in Sources */,
				CF9B6F47EE9289FFA983F8E6 /* LimitsManagerTests.swift in Sources */,
				E58196F0A6A5F0C65146805C /* MetricsTests.swift in Sources */,
				E4C2919BB06C8621F40076CB /* ModelContainerConfigTests.swift in Sources */,
				DEA66AB7A53DA71EBC37C7B2 /* ReframeResponseTests.swift in Sources */,
				EE92CF9E546F5263B7FA0BFB /* StreakCalculatorTests.swift in Sources */,
				45635FEC9D2B358545A126DF /* SuggestionEngineTests.swift in Sources */,
				79EDDC9E84BA0EA78A3176D8 /* ThoughtEntryTests.swift in Sources */,
				33ED2DFB92483C64A6F59A09 /* ThoughtModelTests.swift in Sources */,
				04FA7315513EE256CEE790D9 /* ThoughtRecordExtensionTests.swift in Sources */,
				884981884972B5BCA624FBDB /* ThoughtRecordRepositoryTests.swift in Sources */,
				4E025C008F95000CC39428E7 /* ThoughtRecordTests.swift in Sources */,
				66A47604C82D0BA61A9ACDDB /* ThoughtTests.swift in Sources */,
				AB8C6515A3BAF5CEA334FFB2 /* ThoughtUsageServiceTests.swift in Sources */,
				84DC23DED63A6F719B6B9ACE /* ValuesCategoryTests.swift in Sources */,
				99837B4C586E6DC16A731046 /* ValuesChecklistTests.swift in Sources */,
				AD80FD6AA38E5A0AC5F138B2 /* ValuesProfileDataTests.swift in Sources */,
				2762EB4D4615471566C73501 /* ValuesProfileServiceTests.swift in Sources */,
				7DF19AD8422234D4D0B3CF65 /* ValuesProfileTests.swift in Sources */,
				B0A6292286FB936716E7C2C6 /* WizardViewModelTests.swift in Sources */,
			);
			runOnlyForDeploymentPostprocessing = 0;
		};
/* End PBXSourcesBuildPhase section */

/* Begin PBXTargetDependency section */
		5CB88666B19EC618DEFAA530 /* PBXTargetDependency */ = {
			isa = PBXTargetDependency;
			target = B4A15E0B20662941E951641E /* ReframeJournal */;
			targetProxy = 2C8CDE514C9BCDFCC2AB9810 /* PBXContainerItemProxy */;
		};
/* End PBXTargetDependency section */

/* Begin XCBuildConfiguration section */
		12DA1E20803CC836F5E9FA1F /* Debug */ = {
			isa = XCBuildConfiguration;
			buildSettings = {
				ALWAYS_SEARCH_USER_PATHS = NO;
				CLANG_ANALYZER_NONNULL = YES;
				CLANG_ANALYZER_NUMBER_OBJECT_CONVERSION = YES_AGGRESSIVE;
				CLANG_CXX_LANGUAGE_STANDARD = "gnu++14";
				CLANG_CXX_LIBRARY = "libc++";
				CLANG_ENABLE_MODULES = YES;
				CLANG_ENABLE_OBJC_ARC = YES;
				CLANG_ENABLE_OBJC_WEAK = YES;
				CLANG_WARN_BLOCK_CAPTURE_AUTORELEASING = YES;
				CLANG_WARN_BOOL_CONVERSION = YES;
				CLANG_WARN_COMMA = YES;
				CLANG_WARN_CONSTANT_CONVERSION = YES;
				CLANG_WARN_DEPRECATED_OBJC_IMPLEMENTATIONS = YES;
				CLANG_WARN_DIRECT_OBJC_ISA_USAGE = YES_ERROR;
				CLANG_WARN_DOCUMENTATION_COMMENTS = YES;
				CLANG_WARN_EMPTY_BODY = YES;
				CLANG_WARN_ENUM_CONVERSION = YES;
				CLANG_WARN_INFINITE_RECURSION = YES;
				CLANG_WARN_INT_CONVERSION = YES;
				CLANG_WARN_NON_LITERAL_NULL_CONVERSION = YES;
				CLANG_WARN_OBJC_IMPLICIT_RETAIN_SELF = YES;
				CLANG_WARN_OBJC_LITERAL_CONVERSION = YES;
				CLANG_WARN_OBJC_ROOT_CLASS = YES_ERROR;
				CLANG_WARN_QUOTED_INCLUDE_IN_FRAMEWORK_HEADER = YES;
				CLANG_WARN_RANGE_LOOP_ANALYSIS = YES;
				CLANG_WARN_STRICT_PROTOTYPES = YES;
				CLANG_WARN_SUSPICIOUS_MOVE = YES;
				CLANG_WARN_UNGUARDED_AVAILABILITY = YES_AGGRESSIVE;
				CLANG_WARN_UNREACHABLE_CODE = YES;
				CLANG_WARN__DUPLICATE_METHOD_MATCH = YES;
				CODE_SIGN_STYLE = Automatic;
				COPY_PHASE_STRIP = NO;
				CURRENT_PROJECT_VERSION = 1;
				DEBUG_INFORMATION_FORMAT = dwarf;
				DEVELOPMENT_TEAM = "";
				ENABLE_STRICT_OBJC_MSGSEND = YES;
				ENABLE_TESTABILITY = YES;
				GCC_C_LANGUAGE_STANDARD = gnu11;
				GCC_DYNAMIC_NO_PIC = NO;
				GCC_NO_COMMON_BLOCKS = YES;
				GCC_OPTIMIZATION_LEVEL = 0;
				GCC_PREPROCESSOR_DEFINITIONS = (
					"$(inherited)",
					"DEBUG=1",
				);
				GCC_WARN_64_TO_32_BIT_CONVERSION = YES;
				GCC_WARN_ABOUT_RETURN_TYPE = YES_ERROR;
				GCC_WARN_UNDECLARED_SELECTOR = YES;
				GCC_WARN_UNINITIALIZED_AUTOS = YES_AGGRESSIVE;
				GCC_WARN_UNUSED_FUNCTION = YES;
				GCC_WARN_UNUSED_VARIABLE = YES;
				INFOPLIST_KEY_CFBundleDisplayName = "Reframe Journal";
				INFOPLIST_KEY_UILaunchStoryboardName = "Launch Screen";
				INFOPLIST_KEY_UIRequiresFullScreen = YES;
				INFOPLIST_KEY_UISupportedInterfaceOrientations = "UIInterfaceOrientationPortrait UIInterfaceOrientationPortraitUpsideDown UIInterfaceOrientationLandscapeLeft UIInterfaceOrientationLandscapeRight";
				INFOPLIST_KEY_UISupportedInterfaceOrientations_iPad = "UIInterfaceOrientationPortrait UIInterfaceOrientationPortraitUpsideDown UIInterfaceOrientationLandscapeLeft UIInterfaceOrientationLandscapeRight";
				IPHONEOS_DEPLOYMENT_TARGET = 16.0;
				MARKETING_VERSION = 1.0.0;
				MTL_ENABLE_DEBUG_INFO = INCLUDE_SOURCE;
				MTL_FAST_MATH = YES;
				ONLY_ACTIVE_ARCH = YES;
				PRODUCT_NAME = "$(TARGET_NAME)";
				SDKROOT = iphoneos;
				SWIFT_ACTIVE_COMPILATION_CONDITIONS = DEBUG;
				SWIFT_OPTIMIZATION_LEVEL = "-Onone";
				SWIFT_VERSION = 5.0;
				TARGETED_DEVICE_FAMILY = 1;
			};
			name = Debug;
		};
		15B36815B76B0436D07E755B /* Release */ = {
			isa = XCBuildConfiguration;
			buildSettings = {
				ALWAYS_SEARCH_USER_PATHS = NO;
				CLANG_ANALYZER_NONNULL = YES;
				CLANG_ANALYZER_NUMBER_OBJECT_CONVERSION = YES_AGGRESSIVE;
				CLANG_CXX_LANGUAGE_STANDARD = "gnu++14";
				CLANG_CXX_LIBRARY = "libc++";
				CLANG_ENABLE_MODULES = YES;
				CLANG_ENABLE_OBJC_ARC = YES;
				CLANG_ENABLE_OBJC_WEAK = YES;
				CLANG_WARN_BLOCK_CAPTURE_AUTORELEASING = YES;
				CLANG_WARN_BOOL_CONVERSION = YES;
				CLANG_WARN_COMMA = YES;
				CLANG_WARN_CONSTANT_CONVERSION = YES;
				CLANG_WARN_DEPRECATED_OBJC_IMPLEMENTATIONS = YES;
				CLANG_WARN_DIRECT_OBJC_ISA_USAGE = YES_ERROR;
				CLANG_WARN_DOCUMENTATION_COMMENTS = YES;
				CLANG_WARN_EMPTY_BODY = YES;
				CLANG_WARN_ENUM_CONVERSION = YES;
				CLANG_WARN_INFINITE_RECURSION = YES;
				CLANG_WARN_INT_CONVERSION = YES;
				CLANG_WARN_NON_LITERAL_NULL_CONVERSION = YES;
				CLANG_WARN_OBJC_IMPLICIT_RETAIN_SELF = YES;
				CLANG_WARN_OBJC_LITERAL_CONVERSION = YES;
				CLANG_WARN_OBJC_ROOT_CLASS = YES_ERROR;
				CLANG_WARN_QUOTED_INCLUDE_IN_FRAMEWORK_HEADER = YES;
				CLANG_WARN_RANGE_LOOP_ANALYSIS = YES;
				CLANG_WARN_STRICT_PROTOTYPES = YES;
				CLANG_WARN_SUSPICIOUS_MOVE = YES;
				CLANG_WARN_UNGUARDED_AVAILABILITY = YES_AGGRESSIVE;
				CLANG_WARN_UNREACHABLE_CODE = YES;
				CLANG_WARN__DUPLICATE_METHOD_MATCH = YES;
				CODE_SIGN_STYLE = Automatic;
				COPY_PHASE_STRIP = NO;
				CURRENT_PROJECT_VERSION = 1;
				DEBUG_INFORMATION_FORMAT = "dwarf-with-dsym";
				DEVELOPMENT_TEAM = "";
				ENABLE_NS_ASSERTIONS = NO;
				ENABLE_STRICT_OBJC_MSGSEND = YES;
				GCC_C_LANGUAGE_STANDARD = gnu11;
				GCC_NO_COMMON_BLOCKS = YES;
				GCC_WARN_64_TO_32_BIT_CONVERSION = YES;
				GCC_WARN_ABOUT_RETURN_TYPE = YES_ERROR;
				GCC_WARN_UNDECLARED_SELECTOR = YES;
				GCC_WARN_UNINITIALIZED_AUTOS = YES_AGGRESSIVE;
				GCC_WARN_UNUSED_FUNCTION = YES;
				GCC_WARN_UNUSED_VARIABLE = YES;
				INFOPLIST_KEY_CFBundleDisplayName = "Reframe Journal";
				INFOPLIST_KEY_UILaunchStoryboardName = "Launch Screen";
				INFOPLIST_KEY_UIRequiresFullScreen = YES;
				INFOPLIST_KEY_UISupportedInterfaceOrientations = "UIInterfaceOrientationPortrait UIInterfaceOrientationPortraitUpsideDown UIInterfaceOrientationLandscapeLeft UIInterfaceOrientationLandscapeRight";
				INFOPLIST_KEY_UISupportedInterfaceOrientations_iPad = "UIInterfaceOrientationPortrait UIInterfaceOrientationPortraitUpsideDown UIInterfaceOrientationLandscapeLeft UIInterfaceOrientationLandscapeRight";
				IPHONEOS_DEPLOYMENT_TARGET = 16.0;
				MARKETING_VERSION = 1.0.0;
				MTL_ENABLE_DEBUG_INFO = NO;
				MTL_FAST_MATH = YES;
				PRODUCT_NAME = "$(TARGET_NAME)";
				SDKROOT = iphoneos;
				SWIFT_COMPILATION_MODE = wholemodule;
				SWIFT_OPTIMIZATION_LEVEL = "-O";
				SWIFT_VERSION = 5.0;
				TARGETED_DEVICE_FAMILY = 1;
			};
			name = Release;
		};
		6BB96587F89108CB035BF2E5 /* Debug */ = {
			isa = XCBuildConfiguration;
			buildSettings = {
				ASSETCATALOG_COMPILER_APPICON_NAME = AppIcon;
				CODE_SIGN_IDENTITY = "iPhone Developer";
				INFOPLIST_FILE = ReframeJournal/Resources/Info.plist;
				INFOPLIST_KEY_CFBundleName = ReframeJournal;
				LD_RUNPATH_SEARCH_PATHS = (
					"$(inherited)",
					"@executable_path/Frameworks",
				);
				PRODUCT_BUNDLE_IDENTIFIER = com.JalenStephens.ReframeJournal;
				SDKROOT = iphoneos;
				TARGETED_DEVICE_FAMILY = 1;
			};
			name = Debug;
		};
		AF00557DBA99F973B8F0E68E /* Debug */ = {
			isa = XCBuildConfiguration;
			buildSettings = {
				BUNDLE_LOADER = "$(TEST_HOST)";
				INFOPLIST_FILE = ReframeJournalTests/Info.plist;
				LD_RUNPATH_SEARCH_PATHS = (
					"$(inherited)",
					"@executable_path/Frameworks",
					"@loader_path/Frameworks",
				);
				PRODUCT_BUNDLE_IDENTIFIER = com.JalenStephens.ReframeJournalTests;
				SDKROOT = iphoneos;
				TARGETED_DEVICE_FAMILY = "1,2";
				TEST_HOST = "$(BUILT_PRODUCTS_DIR)/ReframeJournal.app/ReframeJournal";
			};
			name = Debug;
		};
		D0C49F7A8E7751485548DDD3 /* Release */ = {
			isa = XCBuildConfiguration;
			buildSettings = {
				ASSETCATALOG_COMPILER_APPICON_NAME = AppIcon;
				CODE_SIGN_IDENTITY = "iPhone Developer";
				INFOPLIST_FILE = ReframeJournal/Resources/Info.plist;
				INFOPLIST_KEY_CFBundleName = ReframeJournal;
				LD_RUNPATH_SEARCH_PATHS = (
					"$(inherited)",
					"@executable_path/Frameworks",
				);
				PRODUCT_BUNDLE_IDENTIFIER = com.JalenStephens.ReframeJournal;
				SDKROOT = iphoneos;
				TARGETED_DEVICE_FAMILY = 1;
			};
			name = Release;
		};
		D3F745146747CF8F2F93FA9F /* Release */ = {
			isa = XCBuildConfiguration;
			buildSettings = {
				BUNDLE_LOADER = "$(TEST_HOST)";
				INFOPLIST_FILE = ReframeJournalTests/Info.plist;
				LD_RUNPATH_SEARCH_PATHS = (
					"$(inherited)",
					"@executable_path/Frameworks",
					"@loader_path/Frameworks",
				);
				PRODUCT_BUNDLE_IDENTIFIER = com.JalenStephens.ReframeJournalTests;
				SDKROOT = iphoneos;
				TARGETED_DEVICE_FAMILY = "1,2";
				TEST_HOST = "$(BUILT_PRODUCTS_DIR)/ReframeJournal.app/ReframeJournal";
			};
			name = Release;
		};
/* End XCBuildConfiguration section */

/* Begin XCConfigurationList section */
		2A7861AC5A250BFD15492EBE /* Build configuration list for PBXProject "ReframeJournal" */ = {
			isa = XCConfigurationList;
			buildConfigurations = (
				12DA1E20803CC836F5E9FA1F /* Debug */,
				15B36815B76B0436D07E755B /* Release */,
			);
			defaultConfigurationIsVisible = 0;
			defaultConfigurationName = Debug;
		};
		4A95E7A42870FB534D0F0507 /* Build configuration list for PBXNativeTarget "ReframeJournalTests" */ = {
			isa = XCConfigurationList;
			buildConfigurations = (
				AF00557DBA99F973B8F0E68E /* Debug */,
				D3F745146747CF8F2F93FA9F /* Release */,
			);
			defaultConfigurationIsVisible = 0;
			defaultConfigurationName = Debug;
		};
		5C7EB7CC62DC2460989E0E86 /* Build configuration list for PBXNativeTarget "ReframeJournal" */ = {
			isa = XCConfigurationList;
			buildConfigurations = (
				6BB96587F89108CB035BF2E5 /* Debug */,
				D0C49F7A8E7751485548DDD3 /* Release */,
			);
			defaultConfigurationIsVisible = 0;
			defaultConfigurationName = Debug;
		};
/* End XCConfigurationList section */
	};
	rootObject = A71D48D9BF0B3E97F0AF17D5 /* Project object */;
}
